// !$*UTF8*$!
{
	archiveVersion = 1;
	classes = {
	};
	objectVersion = 46;
	objects = {

/* Begin PBXBuildFile section */
		A003BD931D9D670A00FEE4ED /* main.m in Sources */ = {isa = PBXBuildFile; fileRef = A003BD921D9D670A00FEE4ED /* main.m */; };
		A003BD961D9D670A00FEE4ED /* AppDelegate.m in Sources */ = {isa = PBXBuildFile; fileRef = A003BD951D9D670A00FEE4ED /* AppDelegate.m */; };
		A003BD991D9D670A00FEE4ED /* ViewController.m in Sources */ = {isa = PBXBuildFile; fileRef = A003BD981D9D670A00FEE4ED /* ViewController.m */; };
		A003BD9C1D9D670A00FEE4ED /* Main.storyboard in Resources */ = {isa = PBXBuildFile; fileRef = A003BD9A1D9D670A00FEE4ED /* Main.storyboard */; };
		A003BD9E1D9D670A00FEE4ED /* Assets.xcassets in Resources */ = {isa = PBXBuildFile; fileRef = A003BD9D1D9D670A00FEE4ED /* Assets.xcassets */; };
		A003BDA11D9D670A00FEE4ED /* LaunchScreen.storyboard in Resources */ = {isa = PBXBuildFile; fileRef = A003BD9F1D9D670A00FEE4ED /* LaunchScreen.storyboard */; };
		A003BDAC1D9D670A00FEE4ED /* PongiftTests.m in Sources */ = {isa = PBXBuildFile; fileRef = A003BDAB1D9D670A00FEE4ED /* PongiftTests.m */; };
		A003BDB81D9D672400FEE4ED /* PongiftViewController.m in Sources */ = {isa = PBXBuildFile; fileRef = A003BDB71D9D672400FEE4ED /* PongiftViewController.m */; };
		A003BDD01D9D835800FEE4ED /* WebViewJavascriptBridge.m in Sources */ = {isa = PBXBuildFile; fileRef = A003BDC91D9D835800FEE4ED /* WebViewJavascriptBridge.m */; };
		A003BDD11D9D835800FEE4ED /* WebViewJavascriptBridge_JS.m in Sources */ = {isa = PBXBuildFile; fileRef = A003BDCB1D9D835800FEE4ED /* WebViewJavascriptBridge_JS.m */; };
		A003BDD21D9D835800FEE4ED /* WebViewJavascriptBridgeBase.m in Sources */ = {isa = PBXBuildFile; fileRef = A003BDCD1D9D835800FEE4ED /* WebViewJavascriptBridgeBase.m */; };
		A003BDD31D9D835800FEE4ED /* WKWebViewJavascriptBridge.m in Sources */ = {isa = PBXBuildFile; fileRef = A003BDCF1D9D835800FEE4ED /* WKWebViewJavascriptBridge.m */; };
		A003BDD61D9D87FF00FEE4ED /* PongiftAgent.m in Sources */ = {isa = PBXBuildFile; fileRef = A003BDD51D9D87FF00FEE4ED /* PongiftAgent.m */; };
		A003BDD91D9D89C900FEE4ED /* PongiftConstants.m in Sources */ = {isa = PBXBuildFile; fileRef = A003BDD81D9D89C900FEE4ED /* PongiftConstants.m */; };
		A003BDDD1D9D8FFB00FEE4ED /* PongiftBridgeHelper.m in Sources */ = {isa = PBXBuildFile; fileRef = A003BDDC1D9D8FFB00FEE4ED /* PongiftBridgeHelper.m */; };
		A003BDE01D9D9DCE00FEE4ED /* PongiftContactsManager.m in Sources */ = {isa = PBXBuildFile; fileRef = A003BDDF1D9D9DCE00FEE4ED /* PongiftContactsManager.m */; };
		A003BDE31D9DA38400FEE4ED /* PongiftUtils.m in Sources */ = {isa = PBXBuildFile; fileRef = A003BDE21D9DA38400FEE4ED /* PongiftUtils.m */; };
		A00E87151D9E7D3A0078F897 /* PongiftContact.m in Sources */ = {isa = PBXBuildFile; fileRef = A00E87141D9E7D3A0078F897 /* PongiftContact.m */; };
		A0B040E01DAA4DF800E5A676 /* PongiftPersistenceManager.m in Sources */ = {isa = PBXBuildFile; fileRef = A0B040DF1DAA4DF800E5A676 /* PongiftPersistenceManager.m */; };
		A0B040E31DAA6C5A00E5A676 /* PongiftSearchHistory.m in Sources */ = {isa = PBXBuildFile; fileRef = A0B040E21DAA6C5A00E5A676 /* PongiftSearchHistory.m */; };
		A0B481C51DAA210000EAE48D /* PongiftRestService.m in Sources */ = {isa = PBXBuildFile; fileRef = A0B481C41DAA210000EAE48D /* PongiftRestService.m */; };
		A0B481C81DAA2FF600EAE48D /* PongiftCookieStore.m in Sources */ = {isa = PBXBuildFile; fileRef = A0B481C71DAA2FF600EAE48D /* PongiftCookieStore.m */; };
		E2BD0153FE99CF735B43C8C1 /* libPods-Pongift.a in Frameworks */ = {isa = PBXBuildFile; fileRef = B3E64BFEF61E341ABE23322C /* libPods-Pongift.a */; };
/* End PBXBuildFile section */

/* Begin PBXContainerItemProxy section */
		A003BDA81D9D670A00FEE4ED /* PBXContainerItemProxy */ = {
			isa = PBXContainerItemProxy;
			containerPortal = A003BD861D9D670A00FEE4ED /* Project object */;
			proxyType = 1;
			remoteGlobalIDString = A003BD8D1D9D670A00FEE4ED;
			remoteInfo = Pongift;
		};
/* End PBXContainerItemProxy section */

/* Begin PBXFileReference section */
		101AB35B8086487C175E1236 /* Pods-Pongift.debug.xcconfig */ = {isa = PBXFileReference; includeInIndex = 1; lastKnownFileType = text.xcconfig; name = "Pods-Pongift.debug.xcconfig"; path = "Pods/Target Support Files/Pods-Pongift/Pods-Pongift.debug.xcconfig"; sourceTree = "<group>"; };
		A003BD8E1D9D670A00FEE4ED /* Pongift.app */ = {isa = PBXFileReference; explicitFileType = wrapper.application; includeInIndex = 0; path = Pongift.app; sourceTree = BUILT_PRODUCTS_DIR; };
		A003BD921D9D670A00FEE4ED /* main.m */ = {isa = PBXFileReference; lastKnownFileType = sourcecode.c.objc; path = main.m; sourceTree = "<group>"; };
		A003BD941D9D670A00FEE4ED /* AppDelegate.h */ = {isa = PBXFileReference; lastKnownFileType = sourcecode.c.h; path = AppDelegate.h; sourceTree = "<group>"; };
		A003BD951D9D670A00FEE4ED /* AppDelegate.m */ = {isa = PBXFileReference; lastKnownFileType = sourcecode.c.objc; path = AppDelegate.m; sourceTree = "<group>"; };
		A003BD971D9D670A00FEE4ED /* ViewController.h */ = {isa = PBXFileReference; lastKnownFileType = sourcecode.c.h; path = ViewController.h; sourceTree = "<group>"; };
		A003BD981D9D670A00FEE4ED /* ViewController.m */ = {isa = PBXFileReference; lastKnownFileType = sourcecode.c.objc; path = ViewController.m; sourceTree = "<group>"; };
		A003BD9B1D9D670A00FEE4ED /* Base */ = {isa = PBXFileReference; lastKnownFileType = file.storyboard; name = Base; path = Base.lproj/Main.storyboard; sourceTree = "<group>"; };
		A003BD9D1D9D670A00FEE4ED /* Assets.xcassets */ = {isa = PBXFileReference; lastKnownFileType = folder.assetcatalog; path = Assets.xcassets; sourceTree = "<group>"; };
		A003BDA01D9D670A00FEE4ED /* Base */ = {isa = PBXFileReference; lastKnownFileType = file.storyboard; name = Base; path = Base.lproj/LaunchScreen.storyboard; sourceTree = "<group>"; };
		A003BDA21D9D670A00FEE4ED /* Info.plist */ = {isa = PBXFileReference; lastKnownFileType = text.plist.xml; path = Info.plist; sourceTree = "<group>"; };
		A003BDA71D9D670A00FEE4ED /* PongiftTests.xctest */ = {isa = PBXFileReference; explicitFileType = wrapper.cfbundle; includeInIndex = 0; path = PongiftTests.xctest; sourceTree = BUILT_PRODUCTS_DIR; };
		A003BDAB1D9D670A00FEE4ED /* PongiftTests.m */ = {isa = PBXFileReference; lastKnownFileType = sourcecode.c.objc; path = PongiftTests.m; sourceTree = "<group>"; };
		A003BDAD1D9D670A00FEE4ED /* Info.plist */ = {isa = PBXFileReference; lastKnownFileType = text.plist.xml; path = Info.plist; sourceTree = "<group>"; };
		A003BDB61D9D672400FEE4ED /* PongiftViewController.h */ = {isa = PBXFileReference; fileEncoding = 4; lastKnownFileType = sourcecode.c.h; path = PongiftViewController.h; sourceTree = "<group>"; };
		A003BDB71D9D672400FEE4ED /* PongiftViewController.m */ = {isa = PBXFileReference; fileEncoding = 4; lastKnownFileType = sourcecode.c.objc; path = PongiftViewController.m; sourceTree = "<group>"; };
		A003BDC81D9D835800FEE4ED /* WebViewJavascriptBridge.h */ = {isa = PBXFileReference; fileEncoding = 4; lastKnownFileType = sourcecode.c.h; path = WebViewJavascriptBridge.h; sourceTree = "<group>"; };
		A003BDC91D9D835800FEE4ED /* WebViewJavascriptBridge.m */ = {isa = PBXFileReference; fileEncoding = 4; lastKnownFileType = sourcecode.c.objc; path = WebViewJavascriptBridge.m; sourceTree = "<group>"; };
		A003BDCA1D9D835800FEE4ED /* WebViewJavascriptBridge_JS.h */ = {isa = PBXFileReference; fileEncoding = 4; lastKnownFileType = sourcecode.c.h; path = WebViewJavascriptBridge_JS.h; sourceTree = "<group>"; };
		A003BDCB1D9D835800FEE4ED /* WebViewJavascriptBridge_JS.m */ = {isa = PBXFileReference; fileEncoding = 4; lastKnownFileType = sourcecode.c.objc; path = WebViewJavascriptBridge_JS.m; sourceTree = "<group>"; };
		A003BDCC1D9D835800FEE4ED /* WebViewJavascriptBridgeBase.h */ = {isa = PBXFileReference; fileEncoding = 4; lastKnownFileType = sourcecode.c.h; path = WebViewJavascriptBridgeBase.h; sourceTree = "<group>"; };
		A003BDCD1D9D835800FEE4ED /* WebViewJavascriptBridgeBase.m */ = {isa = PBXFileReference; fileEncoding = 4; lastKnownFileType = sourcecode.c.objc; path = WebViewJavascriptBridgeBase.m; sourceTree = "<group>"; };
		A003BDCE1D9D835800FEE4ED /* WKWebViewJavascriptBridge.h */ = {isa = PBXFileReference; fileEncoding = 4; lastKnownFileType = sourcecode.c.h; path = WKWebViewJavascriptBridge.h; sourceTree = "<group>"; };
		A003BDCF1D9D835800FEE4ED /* WKWebViewJavascriptBridge.m */ = {isa = PBXFileReference; fileEncoding = 4; lastKnownFileType = sourcecode.c.objc; path = WKWebViewJavascriptBridge.m; sourceTree = "<group>"; };
		A003BDD41D9D87FF00FEE4ED /* PongiftAgent.h */ = {isa = PBXFileReference; fileEncoding = 4; lastKnownFileType = sourcecode.c.h; path = PongiftAgent.h; sourceTree = "<group>"; };
		A003BDD51D9D87FF00FEE4ED /* PongiftAgent.m */ = {isa = PBXFileReference; fileEncoding = 4; lastKnownFileType = sourcecode.c.objc; path = PongiftAgent.m; sourceTree = "<group>"; };
		A003BDD71D9D89C900FEE4ED /* PongiftConstants.h */ = {isa = PBXFileReference; fileEncoding = 4; lastKnownFileType = sourcecode.c.h; path = PongiftConstants.h; sourceTree = "<group>"; };
		A003BDD81D9D89C900FEE4ED /* PongiftConstants.m */ = {isa = PBXFileReference; fileEncoding = 4; lastKnownFileType = sourcecode.c.objc; path = PongiftConstants.m; sourceTree = "<group>"; };
		A003BDDB1D9D8FFB00FEE4ED /* PongiftBridgeHelper.h */ = {isa = PBXFileReference; fileEncoding = 4; lastKnownFileType = sourcecode.c.h; path = PongiftBridgeHelper.h; sourceTree = "<group>"; };
		A003BDDC1D9D8FFB00FEE4ED /* PongiftBridgeHelper.m */ = {isa = PBXFileReference; fileEncoding = 4; lastKnownFileType = sourcecode.c.objc; path = PongiftBridgeHelper.m; sourceTree = "<group>"; };
		A003BDDE1D9D9DCE00FEE4ED /* PongiftContactsManager.h */ = {isa = PBXFileReference; fileEncoding = 4; lastKnownFileType = sourcecode.c.h; path = PongiftContactsManager.h; sourceTree = "<group>"; };
		A003BDDF1D9D9DCE00FEE4ED /* PongiftContactsManager.m */ = {isa = PBXFileReference; fileEncoding = 4; lastKnownFileType = sourcecode.c.objc; path = PongiftContactsManager.m; sourceTree = "<group>"; };
		A003BDE11D9DA38400FEE4ED /* PongiftUtils.h */ = {isa = PBXFileReference; fileEncoding = 4; lastKnownFileType = sourcecode.c.h; path = PongiftUtils.h; sourceTree = "<group>"; };
		A003BDE21D9DA38400FEE4ED /* PongiftUtils.m */ = {isa = PBXFileReference; fileEncoding = 4; lastKnownFileType = sourcecode.c.objc; path = PongiftUtils.m; sourceTree = "<group>"; };
		A00E87131D9E7D3A0078F897 /* PongiftContact.h */ = {isa = PBXFileReference; fileEncoding = 4; lastKnownFileType = sourcecode.c.h; path = PongiftContact.h; sourceTree = "<group>"; };
		A00E87141D9E7D3A0078F897 /* PongiftContact.m */ = {isa = PBXFileReference; fileEncoding = 4; lastKnownFileType = sourcecode.c.objc; path = PongiftContact.m; sourceTree = "<group>"; };
		A0B040DE1DAA4DF800E5A676 /* PongiftPersistenceManager.h */ = {isa = PBXFileReference; fileEncoding = 4; lastKnownFileType = sourcecode.c.h; path = PongiftPersistenceManager.h; sourceTree = "<group>"; };
		A0B040DF1DAA4DF800E5A676 /* PongiftPersistenceManager.m */ = {isa = PBXFileReference; fileEncoding = 4; lastKnownFileType = sourcecode.c.objc; path = PongiftPersistenceManager.m; sourceTree = "<group>"; };
		A0B040E11DAA6C5A00E5A676 /* PongiftSearchHistory.h */ = {isa = PBXFileReference; fileEncoding = 4; lastKnownFileType = sourcecode.c.h; path = PongiftSearchHistory.h; sourceTree = "<group>"; };
		A0B040E21DAA6C5A00E5A676 /* PongiftSearchHistory.m */ = {isa = PBXFileReference; fileEncoding = 4; lastKnownFileType = sourcecode.c.objc; path = PongiftSearchHistory.m; sourceTree = "<group>"; };
		A0B481C31DAA210000EAE48D /* PongiftRestService.h */ = {isa = PBXFileReference; fileEncoding = 4; lastKnownFileType = sourcecode.c.h; path = PongiftRestService.h; sourceTree = "<group>"; };
		A0B481C41DAA210000EAE48D /* PongiftRestService.m */ = {isa = PBXFileReference; fileEncoding = 4; lastKnownFileType = sourcecode.c.objc; path = PongiftRestService.m; sourceTree = "<group>"; };
		A0B481C61DAA2FF600EAE48D /* PongiftCookieStore.h */ = {isa = PBXFileReference; fileEncoding = 4; lastKnownFileType = sourcecode.c.h; path = PongiftCookieStore.h; sourceTree = "<group>"; };
		A0B481C71DAA2FF600EAE48D /* PongiftCookieStore.m */ = {isa = PBXFileReference; fileEncoding = 4; lastKnownFileType = sourcecode.c.objc; path = PongiftCookieStore.m; sourceTree = "<group>"; };
		B3E64BFEF61E341ABE23322C /* libPods-Pongift.a */ = {isa = PBXFileReference; explicitFileType = archive.ar; includeInIndex = 0; path = "libPods-Pongift.a"; sourceTree = BUILT_PRODUCTS_DIR; };
		DAF556F19E969AA00A5C580E /* libPods-PongiftTests.a */ = {isa = PBXFileReference; explicitFileType = archive.ar; includeInIndex = 0; path = "libPods-PongiftTests.a"; sourceTree = BUILT_PRODUCTS_DIR; };
		F1B1B12F23C9A48750D6D347 /* Pods-Pongift.release.xcconfig */ = {isa = PBXFileReference; includeInIndex = 1; lastKnownFileType = text.xcconfig; name = "Pods-Pongift.release.xcconfig"; path = "Pods/Target Support Files/Pods-Pongift/Pods-Pongift.release.xcconfig"; sourceTree = "<group>"; };
/* End PBXFileReference section */

/* Begin PBXFrameworksBuildPhase section */
		A003BD8B1D9D670A00FEE4ED /* Frameworks */ = {
			isa = PBXFrameworksBuildPhase;
			buildActionMask = 2147483647;
			files = (
				E2BD0153FE99CF735B43C8C1 /* libPods-Pongift.a in Frameworks */,
			);
			runOnlyForDeploymentPostprocessing = 0;
		};
		A003BDA41D9D670A00FEE4ED /* Frameworks */ = {
			isa = PBXFrameworksBuildPhase;
			buildActionMask = 2147483647;
			files = (
			);
			runOnlyForDeploymentPostprocessing = 0;
		};
/* End PBXFrameworksBuildPhase section */

/* Begin PBXGroup section */
		0B992B73A3B1F67CC6B44484 /* Pods */ = {
			isa = PBXGroup;
			children = (
				101AB35B8086487C175E1236 /* Pods-Pongift.debug.xcconfig */,
				F1B1B12F23C9A48750D6D347 /* Pods-Pongift.release.xcconfig */,
			);
			name = Pods;
			sourceTree = "<group>";
		};
		A003BD851D9D670A00FEE4ED = {
			isa = PBXGroup;
			children = (
				A003BD901D9D670A00FEE4ED /* Pongift */,
				A003BDAA1D9D670A00FEE4ED /* PongiftTests */,
				A003BD8F1D9D670A00FEE4ED /* Products */,
				0B992B73A3B1F67CC6B44484 /* Pods */,
				A7CAFD6B3258CDCA5D7B6EBE /* Frameworks */,
			);
			sourceTree = "<group>";
		};
		A003BD8F1D9D670A00FEE4ED /* Products */ = {
			isa = PBXGroup;
			children = (
				A003BD8E1D9D670A00FEE4ED /* Pongift.app */,
				A003BDA71D9D670A00FEE4ED /* PongiftTests.xctest */,
			);
			name = Products;
			sourceTree = "<group>";
		};
		A003BD901D9D670A00FEE4ED /* Pongift */ = {
			isa = PBXGroup;
			children = (
				A003BDDA1D9D8A2C00FEE4ED /* PongiftSDK */,
				A003BDC71D9D835800FEE4ED /* WebViewJavascriptBridge */,
				A003BD941D9D670A00FEE4ED /* AppDelegate.h */,
				A003BD951D9D670A00FEE4ED /* AppDelegate.m */,
				A003BD971D9D670A00FEE4ED /* ViewController.h */,
				A003BD981D9D670A00FEE4ED /* ViewController.m */,
				A003BD9A1D9D670A00FEE4ED /* Main.storyboard */,
				A003BD9D1D9D670A00FEE4ED /* Assets.xcassets */,
				A003BD9F1D9D670A00FEE4ED /* LaunchScreen.storyboard */,
				A003BDA21D9D670A00FEE4ED /* Info.plist */,
				A003BD911D9D670A00FEE4ED /* Supporting Files */,
			);
			path = Pongift;
			sourceTree = "<group>";
		};
		A003BD911D9D670A00FEE4ED /* Supporting Files */ = {
			isa = PBXGroup;
			children = (
				A003BD921D9D670A00FEE4ED /* main.m */,
			);
			name = "Supporting Files";
			sourceTree = "<group>";
		};
		A003BDAA1D9D670A00FEE4ED /* PongiftTests */ = {
			isa = PBXGroup;
			children = (
				A003BDAB1D9D670A00FEE4ED /* PongiftTests.m */,
				A003BDAD1D9D670A00FEE4ED /* Info.plist */,
			);
			path = PongiftTests;
			sourceTree = "<group>";
		};
		A003BDC71D9D835800FEE4ED /* WebViewJavascriptBridge */ = {
			isa = PBXGroup;
			children = (
				A003BDC81D9D835800FEE4ED /* WebViewJavascriptBridge.h */,
				A003BDC91D9D835800FEE4ED /* WebViewJavascriptBridge.m */,
				A003BDCA1D9D835800FEE4ED /* WebViewJavascriptBridge_JS.h */,
				A003BDCB1D9D835800FEE4ED /* WebViewJavascriptBridge_JS.m */,
				A003BDCC1D9D835800FEE4ED /* WebViewJavascriptBridgeBase.h */,
				A003BDCD1D9D835800FEE4ED /* WebViewJavascriptBridgeBase.m */,
				A003BDCE1D9D835800FEE4ED /* WKWebViewJavascriptBridge.h */,
				A003BDCF1D9D835800FEE4ED /* WKWebViewJavascriptBridge.m */,
			);
			path = WebViewJavascriptBridge;
			sourceTree = "<group>";
		};
		A003BDDA1D9D8A2C00FEE4ED /* PongiftSDK */ = {
			isa = PBXGroup;
			children = (
				A0B040E81DAA703000E5A676 /* Utils */,
				A0B040E71DAA702600E5A676 /* Controllers */,
				A0B040E61DAA701600E5A676 /* Network */,
				A0B040E51DAA700800E5A676 /* Managers */,
				A0B040E41DAA6FF700E5A676 /* Models */,
				A003BDD71D9D89C900FEE4ED /* PongiftConstants.h */,
				A003BDD81D9D89C900FEE4ED /* PongiftConstants.m */,
			);
			name = PongiftSDK;
			sourceTree = "<group>";
		};
		A0B040E41DAA6FF700E5A676 /* Models */ = {
			isa = PBXGroup;
			children = (
				A00E87131D9E7D3A0078F897 /* PongiftContact.h */,
				A00E87141D9E7D3A0078F897 /* PongiftContact.m */,
				A0B040E11DAA6C5A00E5A676 /* PongiftSearchHistory.h */,
				A0B040E21DAA6C5A00E5A676 /* PongiftSearchHistory.m */,
			);
			name = Models;
			sourceTree = "<group>";
		};
		A0B040E51DAA700800E5A676 /* Managers */ = {
			isa = PBXGroup;
			children = (
				A003BDDE1D9D9DCE00FEE4ED /* PongiftContactsManager.h */,
				A003BDDF1D9D9DCE00FEE4ED /* PongiftContactsManager.m */,
				A0B040DE1DAA4DF800E5A676 /* PongiftPersistenceManager.h */,
				A0B040DF1DAA4DF800E5A676 /* PongiftPersistenceManager.m */,
			);
			name = Managers;
			sourceTree = "<group>";
		};
		A0B040E61DAA701600E5A676 /* Network */ = {
			isa = PBXGroup;
			children = (
				A0B481C31DAA210000EAE48D /* PongiftRestService.h */,
				A0B481C41DAA210000EAE48D /* PongiftRestService.m */,
				A0B481C61DAA2FF600EAE48D /* PongiftCookieStore.h */,
				A0B481C71DAA2FF600EAE48D /* PongiftCookieStore.m */,
			);
			name = Network;
			sourceTree = "<group>";
		};
		A0B040E71DAA702600E5A676 /* Controllers */ = {
			isa = PBXGroup;
			children = (
				A003BDB61D9D672400FEE4ED /* PongiftViewController.h */,
				A003BDB71D9D672400FEE4ED /* PongiftViewController.m */,
			);
			name = Controllers;
			sourceTree = "<group>";
		};
		A0B040E81DAA703000E5A676 /* Utils */ = {
			isa = PBXGroup;
			children = (
				A003BDD41D9D87FF00FEE4ED /* PongiftAgent.h */,
				A003BDD51D9D87FF00FEE4ED /* PongiftAgent.m */,
				A003BDDB1D9D8FFB00FEE4ED /* PongiftBridgeHelper.h */,
				A003BDDC1D9D8FFB00FEE4ED /* PongiftBridgeHelper.m */,
				A003BDE11D9DA38400FEE4ED /* PongiftUtils.h */,
				A003BDE21D9DA38400FEE4ED /* PongiftUtils.m */,
			);
			name = Utils;
			sourceTree = "<group>";
		};
		A7CAFD6B3258CDCA5D7B6EBE /* Frameworks */ = {
			isa = PBXGroup;
			children = (
				B3E64BFEF61E341ABE23322C /* libPods-Pongift.a */,
				DAF556F19E969AA00A5C580E /* libPods-PongiftTests.a */,
			);
			name = Frameworks;
			sourceTree = "<group>";
		};
/* End PBXGroup section */

/* Begin PBXNativeTarget section */
		A003BD8D1D9D670A00FEE4ED /* Pongift */ = {
			isa = PBXNativeTarget;
			buildConfigurationList = A003BDB01D9D670A00FEE4ED /* Build configuration list for PBXNativeTarget "Pongift" */;
			buildPhases = (
				DA96A9F3D879D6F3E0573A4A /* [CP] Check Pods Manifest.lock */,
				A003BD8A1D9D670A00FEE4ED /* Sources */,
				A003BD8B1D9D670A00FEE4ED /* Frameworks */,
				A003BD8C1D9D670A00FEE4ED /* Resources */,
				9D254093A087B7457F7B4025 /* [CP] Embed Pods Frameworks */,
				CD225274EB3D3135AEAF37CB /* [CP] Copy Pods Resources */,
			);
			buildRules = (
			);
			dependencies = (
			);
			name = Pongift;
			productName = Pongift;
			productReference = A003BD8E1D9D670A00FEE4ED /* Pongift.app */;
			productType = "com.apple.product-type.application";
		};
		A003BDA61D9D670A00FEE4ED /* PongiftTests */ = {
			isa = PBXNativeTarget;
			buildConfigurationList = A003BDB31D9D670A00FEE4ED /* Build configuration list for PBXNativeTarget "PongiftTests" */;
			buildPhases = (
				4CE998B50587BEC68F65627C /* [CP] Check Pods Manifest.lock */,
				A003BDA31D9D670A00FEE4ED /* Sources */,
				A003BDA41D9D670A00FEE4ED /* Frameworks */,
				A003BDA51D9D670A00FEE4ED /* Resources */,
				6BB9F5FC487DD58595980CD2 /* [CP] Embed Pods Frameworks */,
				FD8E3451532FAE51F4951E5E /* [CP] Copy Pods Resources */,
			);
			buildRules = (
			);
			dependencies = (
				A003BDA91D9D670A00FEE4ED /* PBXTargetDependency */,
			);
			name = PongiftTests;
			productName = PongiftTests;
			productReference = A003BDA71D9D670A00FEE4ED /* PongiftTests.xctest */;
			productType = "com.apple.product-type.bundle.unit-test";
		};
/* End PBXNativeTarget section */

/* Begin PBXProject section */
		A003BD861D9D670A00FEE4ED /* Project object */ = {
			isa = PBXProject;
			attributes = {
				LastUpgradeCheck = 0800;
				ORGANIZATIONNAME = slogup;
				TargetAttributes = {
					A003BD8D1D9D670A00FEE4ED = {
						CreatedOnToolsVersion = 8.0;
						DevelopmentTeam = 3BX7UAG4ZQ;
						ProvisioningStyle = Automatic;
					};
					A003BDA61D9D670A00FEE4ED = {
						CreatedOnToolsVersion = 8.0;
						ProvisioningStyle = Automatic;
						TestTargetID = A003BD8D1D9D670A00FEE4ED;
					};
				};
			};
			buildConfigurationList = A003BD891D9D670A00FEE4ED /* Build configuration list for PBXProject "Pongift" */;
			compatibilityVersion = "Xcode 3.2";
			developmentRegion = English;
			hasScannedForEncodings = 0;
			knownRegions = (
				en,
				Base,
			);
			mainGroup = A003BD851D9D670A00FEE4ED;
			productRefGroup = A003BD8F1D9D670A00FEE4ED /* Products */;
			projectDirPath = "";
			projectRoot = "";
			targets = (
				A003BD8D1D9D670A00FEE4ED /* Pongift */,
				A003BDA61D9D670A00FEE4ED /* PongiftTests */,
			);
		};
/* End PBXProject section */

/* Begin PBXResourcesBuildPhase section */
		A003BD8C1D9D670A00FEE4ED /* Resources */ = {
			isa = PBXResourcesBuildPhase;
			buildActionMask = 2147483647;
			files = (
				A003BDA11D9D670A00FEE4ED /* LaunchScreen.storyboard in Resources */,
				A003BD9E1D9D670A00FEE4ED /* Assets.xcassets in Resources */,
				A003BD9C1D9D670A00FEE4ED /* Main.storyboard in Resources */,
			);
			runOnlyForDeploymentPostprocessing = 0;
		};
		A003BDA51D9D670A00FEE4ED /* Resources */ = {
			isa = PBXResourcesBuildPhase;
			buildActionMask = 2147483647;
			files = (
			);
			runOnlyForDeploymentPostprocessing = 0;
		};
/* End PBXResourcesBuildPhase section */

/* Begin PBXShellScriptBuildPhase section */
		4CE998B50587BEC68F65627C /* [CP] Check Pods Manifest.lock */ = {
			isa = PBXShellScriptBuildPhase;
			buildActionMask = 2147483647;
			files = (
			);
			inputPaths = (
			);
			name = "[CP] Check Pods Manifest.lock";
			outputPaths = (
			);
			runOnlyForDeploymentPostprocessing = 0;
			shellPath = /bin/sh;
			shellScript = "diff \"${PODS_ROOT}/../Podfile.lock\" \"${PODS_ROOT}/Manifest.lock\" > /dev/null\nif [[ $? != 0 ]] ; then\n    cat << EOM\nerror: The sandbox is not in sync with the Podfile.lock. Run 'pod install' or update your CocoaPods installation.\nEOM\n    exit 1\nfi\n";
			showEnvVarsInLog = 0;
		};
		6BB9F5FC487DD58595980CD2 /* [CP] Embed Pods Frameworks */ = {
			isa = PBXShellScriptBuildPhase;
			buildActionMask = 2147483647;
			files = (
			);
			inputPaths = (
			);
			name = "[CP] Embed Pods Frameworks";
			outputPaths = (
			);
			runOnlyForDeploymentPostprocessing = 0;
			shellPath = /bin/sh;
			shellScript = "\"${SRCROOT}/Pods/Target Support Files/Pods-PongiftTests/Pods-PongiftTests-frameworks.sh\"\n";
			showEnvVarsInLog = 0;
		};
		9D254093A087B7457F7B4025 /* [CP] Embed Pods Frameworks */ = {
			isa = PBXShellScriptBuildPhase;
			buildActionMask = 2147483647;
			files = (
			);
			inputPaths = (
			);
			name = "[CP] Embed Pods Frameworks";
			outputPaths = (
			);
			runOnlyForDeploymentPostprocessing = 0;
			shellPath = /bin/sh;
			shellScript = "\"${SRCROOT}/Pods/Target Support Files/Pods-Pongift/Pods-Pongift-frameworks.sh\"\n";
			showEnvVarsInLog = 0;
		};
		CD225274EB3D3135AEAF37CB /* [CP] Copy Pods Resources */ = {
			isa = PBXShellScriptBuildPhase;
			buildActionMask = 2147483647;
			files = (
			);
			inputPaths = (
			);
			name = "[CP] Copy Pods Resources";
			outputPaths = (
			);
			runOnlyForDeploymentPostprocessing = 0;
			shellPath = /bin/sh;
			shellScript = "\"${SRCROOT}/Pods/Target Support Files/Pods-Pongift/Pods-Pongift-resources.sh\"\n";
			showEnvVarsInLog = 0;
		};
		DA96A9F3D879D6F3E0573A4A /* [CP] Check Pods Manifest.lock */ = {
			isa = PBXShellScriptBuildPhase;
			buildActionMask = 2147483647;
			files = (
			);
			inputPaths = (
			);
			name = "[CP] Check Pods Manifest.lock";
			outputPaths = (
			);
			runOnlyForDeploymentPostprocessing = 0;
			shellPath = /bin/sh;
			shellScript = "diff \"${PODS_ROOT}/../Podfile.lock\" \"${PODS_ROOT}/Manifest.lock\" > /dev/null\nif [[ $? != 0 ]] ; then\n    cat << EOM\nerror: The sandbox is not in sync with the Podfile.lock. Run 'pod install' or update your CocoaPods installation.\nEOM\n    exit 1\nfi\n";
			showEnvVarsInLog = 0;
		};
		FD8E3451532FAE51F4951E5E /* [CP] Copy Pods Resources */ = {
			isa = PBXShellScriptBuildPhase;
			buildActionMask = 2147483647;
			files = (
			);
			inputPaths = (
			);
			name = "[CP] Copy Pods Resources";
			outputPaths = (
			);
			runOnlyForDeploymentPostprocessing = 0;
			shellPath = /bin/sh;
			shellScript = "\"${SRCROOT}/Pods/Target Support Files/Pods-PongiftTests/Pods-PongiftTests-resources.sh\"\n";
			showEnvVarsInLog = 0;
		};
/* End PBXShellScriptBuildPhase section */

/* Begin PBXSourcesBuildPhase section */
		A003BD8A1D9D670A00FEE4ED /* Sources */ = {
			isa = PBXSourcesBuildPhase;
			buildActionMask = 2147483647;
			files = (
				A003BDE01D9D9DCE00FEE4ED /* PongiftContactsManager.m in Sources */,
				A0B040E01DAA4DF800E5A676 /* PongiftPersistenceManager.m in Sources */,
				A0B040E31DAA6C5A00E5A676 /* PongiftSearchHistory.m in Sources */,
				A003BDB81D9D672400FEE4ED /* PongiftViewController.m in Sources */,
				A003BD991D9D670A00FEE4ED /* ViewController.m in Sources */,
				A003BDE31D9DA38400FEE4ED /* PongiftUtils.m in Sources */,
				A003BDD11D9D835800FEE4ED /* WebViewJavascriptBridge_JS.m in Sources */,
				A003BD961D9D670A00FEE4ED /* AppDelegate.m in Sources */,
				A00E87151D9E7D3A0078F897 /* PongiftContact.m in Sources */,
				A003BDDD1D9D8FFB00FEE4ED /* PongiftBridgeHelper.m in Sources */,
				A003BDD21D9D835800FEE4ED /* WebViewJavascriptBridgeBase.m in Sources */,
				A003BDD91D9D89C900FEE4ED /* PongiftConstants.m in Sources */,
				A003BDD61D9D87FF00FEE4ED /* PongiftAgent.m in Sources */,
				A003BDD31D9D835800FEE4ED /* WKWebViewJavascriptBridge.m in Sources */,
				A0B481C51DAA210000EAE48D /* PongiftRestService.m in Sources */,
				A0B481C81DAA2FF600EAE48D /* PongiftCookieStore.m in Sources */,
				A003BD931D9D670A00FEE4ED /* main.m in Sources */,
				A003BDD01D9D835800FEE4ED /* WebViewJavascriptBridge.m in Sources */,
			);
			runOnlyForDeploymentPostprocessing = 0;
		};
		A003BDA31D9D670A00FEE4ED /* Sources */ = {
			isa = PBXSourcesBuildPhase;
			buildActionMask = 2147483647;
			files = (
				A003BDAC1D9D670A00FEE4ED /* PongiftTests.m in Sources */,
			);
			runOnlyForDeploymentPostprocessing = 0;
		};
/* End PBXSourcesBuildPhase section */

/* Begin PBXTargetDependency section */
		A003BDA91D9D670A00FEE4ED /* PBXTargetDependency */ = {
			isa = PBXTargetDependency;
			target = A003BD8D1D9D670A00FEE4ED /* Pongift */;
			targetProxy = A003BDA81D9D670A00FEE4ED /* PBXContainerItemProxy */;
		};
/* End PBXTargetDependency section */

/* Begin PBXVariantGroup section */
		A003BD9A1D9D670A00FEE4ED /* Main.storyboard */ = {
			isa = PBXVariantGroup;
			children = (
				A003BD9B1D9D670A00FEE4ED /* Base */,
			);
			name = Main.storyboard;
			sourceTree = "<group>";
		};
		A003BD9F1D9D670A00FEE4ED /* LaunchScreen.storyboard */ = {
			isa = PBXVariantGroup;
			children = (
				A003BDA01D9D670A00FEE4ED /* Base */,
			);
			name = LaunchScreen.storyboard;
			sourceTree = "<group>";
		};
/* End PBXVariantGroup section */

/* Begin XCBuildConfiguration section */
		A003BDAE1D9D670A00FEE4ED /* Debug */ = {
			isa = XCBuildConfiguration;
			buildSettings = {
				ALWAYS_SEARCH_USER_PATHS = NO;
				CLANG_ANALYZER_NONNULL = YES;
				CLANG_CXX_LANGUAGE_STANDARD = "gnu++0x";
				CLANG_CXX_LIBRARY = "libc++";
				CLANG_ENABLE_MODULES = YES;
				CLANG_ENABLE_OBJC_ARC = YES;
				CLANG_WARN_BOOL_CONVERSION = YES;
				CLANG_WARN_CONSTANT_CONVERSION = YES;
				CLANG_WARN_DIRECT_OBJC_ISA_USAGE = YES_ERROR;
				CLANG_WARN_DOCUMENTATION_COMMENTS = YES;
				CLANG_WARN_EMPTY_BODY = YES;
				CLANG_WARN_ENUM_CONVERSION = YES;
				CLANG_WARN_INFINITE_RECURSION = YES;
				CLANG_WARN_INT_CONVERSION = YES;
				CLANG_WARN_OBJC_ROOT_CLASS = YES_ERROR;
				CLANG_WARN_SUSPICIOUS_MOVE = YES;
				CLANG_WARN_SUSPICIOUS_MOVES = YES;
				CLANG_WARN_UNREACHABLE_CODE = YES;
				CLANG_WARN__DUPLICATE_METHOD_MATCH = YES;
				"CODE_SIGN_IDENTITY[sdk=iphoneos*]" = "iPhone Developer";
				COPY_PHASE_STRIP = NO;
				DEBUG_INFORMATION_FORMAT = dwarf;
				ENABLE_STRICT_OBJC_MSGSEND = YES;
				ENABLE_TESTABILITY = YES;
				GCC_C_LANGUAGE_STANDARD = gnu99;
				GCC_DYNAMIC_NO_PIC = NO;
				GCC_NO_COMMON_BLOCKS = YES;
				GCC_OPTIMIZATION_LEVEL = 0;
				GCC_PREPROCESSOR_DEFINITIONS = (
					"DEBUG=1",
					"$(inherited)",
				);
				GCC_WARN_64_TO_32_BIT_CONVERSION = YES;
				GCC_WARN_ABOUT_RETURN_TYPE = YES_ERROR;
				GCC_WARN_UNDECLARED_SELECTOR = YES;
				GCC_WARN_UNINITIALIZED_AUTOS = YES_AGGRESSIVE;
				GCC_WARN_UNUSED_FUNCTION = YES;
				GCC_WARN_UNUSED_VARIABLE = YES;
				IPHONEOS_DEPLOYMENT_TARGET = 10.0;
				MTL_ENABLE_DEBUG_INFO = YES;
				ONLY_ACTIVE_ARCH = YES;
				SDKROOT = iphoneos;
			};
			name = Debug;
		};
		A003BDAF1D9D670A00FEE4ED /* Release */ = {
			isa = XCBuildConfiguration;
			buildSettings = {
				ALWAYS_SEARCH_USER_PATHS = NO;
				CLANG_ANALYZER_NONNULL = YES;
				CLANG_CXX_LANGUAGE_STANDARD = "gnu++0x";
				CLANG_CXX_LIBRARY = "libc++";
				CLANG_ENABLE_MODULES = YES;
				CLANG_ENABLE_OBJC_ARC = YES;
				CLANG_WARN_BOOL_CONVERSION = YES;
				CLANG_WARN_CONSTANT_CONVERSION = YES;
				CLANG_WARN_DIRECT_OBJC_ISA_USAGE = YES_ERROR;
				CLANG_WARN_DOCUMENTATION_COMMENTS = YES;
				CLANG_WARN_EMPTY_BODY = YES;
				CLANG_WARN_ENUM_CONVERSION = YES;
				CLANG_WARN_INFINITE_RECURSION = YES;
				CLANG_WARN_INT_CONVERSION = YES;
				CLANG_WARN_OBJC_ROOT_CLASS = YES_ERROR;
				CLANG_WARN_SUSPICIOUS_MOVE = YES;
				CLANG_WARN_SUSPICIOUS_MOVES = YES;
				CLANG_WARN_UNREACHABLE_CODE = YES;
				CLANG_WARN__DUPLICATE_METHOD_MATCH = YES;
				"CODE_SIGN_IDENTITY[sdk=iphoneos*]" = "iPhone Developer";
				COPY_PHASE_STRIP = NO;
				DEBUG_INFORMATION_FORMAT = "dwarf-with-dsym";
				ENABLE_NS_ASSERTIONS = NO;
				ENABLE_STRICT_OBJC_MSGSEND = YES;
				GCC_C_LANGUAGE_STANDARD = gnu99;
				GCC_NO_COMMON_BLOCKS = YES;
				GCC_WARN_64_TO_32_BIT_CONVERSION = YES;
				GCC_WARN_ABOUT_RETURN_TYPE = YES_ERROR;
				GCC_WARN_UNDECLARED_SELECTOR = YES;
				GCC_WARN_UNINITIALIZED_AUTOS = YES_AGGRESSIVE;
				GCC_WARN_UNUSED_FUNCTION = YES;
				GCC_WARN_UNUSED_VARIABLE = YES;
				IPHONEOS_DEPLOYMENT_TARGET = 10.0;
				MTL_ENABLE_DEBUG_INFO = NO;
				SDKROOT = iphoneos;
				VALIDATE_PRODUCT = YES;
			};
			name = Release;
		};
		A003BDB11D9D670A00FEE4ED /* Debug */ = {
			isa = XCBuildConfiguration;
			baseConfigurationReference = 101AB35B8086487C175E1236 /* Pods-Pongift.debug.xcconfig */;
			buildSettings = {
				ASSETCATALOG_COMPILER_APPICON_NAME = AppIcon;
				DEVELOPMENT_TEAM = 3BX7UAG4ZQ;
				INFOPLIST_FILE = Pongift/Info.plist;
				IPHONEOS_DEPLOYMENT_TARGET = 9.0;
				LD_RUNPATH_SEARCH_PATHS = "$(inherited) @executable_path/Frameworks";
				ONLY_ACTIVE_ARCH = YES;
				PRODUCT_BUNDLE_IDENTIFIER = com.Pongift;
				PRODUCT_NAME = "$(TARGET_NAME)";
			};
			name = Debug;
		};
		A003BDB21D9D670A00FEE4ED /* Release */ = {
			isa = XCBuildConfiguration;
			baseConfigurationReference = F1B1B12F23C9A48750D6D347 /* Pods-Pongift.release.xcconfig */;
			buildSettings = {
				ASSETCATALOG_COMPILER_APPICON_NAME = AppIcon;
				DEVELOPMENT_TEAM = 3BX7UAG4ZQ;
				INFOPLIST_FILE = Pongift/Info.plist;
				IPHONEOS_DEPLOYMENT_TARGET = 9.0;
				LD_RUNPATH_SEARCH_PATHS = "$(inherited) @executable_path/Frameworks";
				ONLY_ACTIVE_ARCH = NO;
				PRODUCT_BUNDLE_IDENTIFIER = com.Pongift;
				PRODUCT_NAME = "$(TARGET_NAME)";
			};
			name = Release;
		};
		A003BDB41D9D670A00FEE4ED /* Debug */ = {
			isa = XCBuildConfiguration;
			buildSettings = {
				BUNDLE_LOADER = "$(TEST_HOST)";
				INFOPLIST_FILE = PongiftTests/Info.plist;
				LD_RUNPATH_SEARCH_PATHS = "$(inherited) @executable_path/Frameworks @loader_path/Frameworks";
				PRODUCT_BUNDLE_IDENTIFIER = com.PongiftTests;
				PRODUCT_NAME = "$(TARGET_NAME)";
				TEST_HOST = "$(BUILT_PRODUCTS_DIR)/Pongift.app/Pongift";
			};
			name = Debug;
		};
		A003BDB51D9D670A00FEE4ED /* Release */ = {
			isa = XCBuildConfiguration;
			buildSettings = {
				BUNDLE_LOADER = "$(TEST_HOST)";
				INFOPLIST_FILE = PongiftTests/Info.plist;
				LD_RUNPATH_SEARCH_PATHS = "$(inherited) @executable_path/Frameworks @loader_path/Frameworks";
				PRODUCT_BUNDLE_IDENTIFIER = com.PongiftTests;
				PRODUCT_NAME = "$(TARGET_NAME)";
				TEST_HOST = "$(BUILT_PRODUCTS_DIR)/Pongift.app/Pongift";
			};
			name = Release;
		};
/* End XCBuildConfiguration section */

/* Begin XCConfigurationList section */
		A003BD891D9D670A00FEE4ED /* Build configuration list for PBXProject "Pongift" */ = {
			isa = XCConfigurationList;
			buildConfigurations = (
				A003BDAE1D9D670A00FEE4ED /* Debug */,
				A003BDAF1D9D670A00FEE4ED /* Release */,
			);
			defaultConfigurationIsVisible = 0;
			defaultConfigurationName = Release;
		};
		A003BDB01D9D670A00FEE4ED /* Build configuration list for PBXNativeTarget "Pongift" */ = {
			isa = XCConfigurationList;
			buildConfigurations = (
				A003BDB11D9D670A00FEE4ED /* Debug */,
				A003BDB21D9D670A00FEE4ED /* Release */,
			);
			defaultConfigurationIsVisible = 0;
			defaultConfigurationName = Release;
		};
		A003BDB31D9D670A00FEE4ED /* Build configuration list for PBXNativeTarget "PongiftTests" */ = {
			isa = XCConfigurationList;
			buildConfigurations = (
				A003BDB41D9D670A00FEE4ED /* Debug */,
				A003BDB51D9D670A00FEE4ED /* Release */,
			);
			defaultConfigurationIsVisible = 0;
			defaultConfigurationName = Release;
		};
/* End XCConfigurationList section */
	};
	rootObject = A003BD861D9D670A00FEE4ED /* Project object */;
}
