// !$*UTF8*$!
{
	archiveVersion = 1;
	classes = {
	};
	objectVersion = 46;
	objects = {

/* Begin PBXBuildFile section */
		A052D91E1DE2C41400D6F55C /* PongiftAssets.xcassets in Resources */ = {isa = PBXBuildFile; fileRef = A052D8CE1DE2C41400D6F55C /* PongiftAssets.xcassets */; };
		A052D91F1DE2C41400D6F55C /* PongiftConstants.m in Sources */ = {isa = PBXBuildFile; fileRef = A052D8D11DE2C41400D6F55C /* PongiftConstants.m */; };
		A052D9201DE2C41400D6F55C /* PongiftMemorialPushPopUpViewController.m in Sources */ = {isa = PBXBuildFile; fileRef = A052D8D41DE2C41400D6F55C /* PongiftMemorialPushPopUpViewController.m */; };
		A052D9211DE2C41400D6F55C /* PongiftViewController.m in Sources */ = {isa = PBXBuildFile; fileRef = A052D8D61DE2C41400D6F55C /* PongiftViewController.m */; };
		A052D9221DE2C41400D6F55C /* PongiftAgent.m in Sources */ = {isa = PBXBuildFile; fileRef = A052D8D91DE2C41400D6F55C /* PongiftAgent.m */; };
		A052D9231DE2C41400D6F55C /* PongiftContactsManager.m in Sources */ = {isa = PBXBuildFile; fileRef = A052D8DB1DE2C41400D6F55C /* PongiftContactsManager.m */; };
		A052D9241DE2C41400D6F55C /* PongiftLocalNotificationManager.m in Sources */ = {isa = PBXBuildFile; fileRef = A052D8DD1DE2C41400D6F55C /* PongiftLocalNotificationManager.m */; };
		A052D9251DE2C41400D6F55C /* PongiftPersistenceManager.m in Sources */ = {isa = PBXBuildFile; fileRef = A052D8DF1DE2C41400D6F55C /* PongiftPersistenceManager.m */; };
		A052D9261DE2C41400D6F55C /* PongiftSearchHistory.m in Sources */ = {isa = PBXBuildFile; fileRef = A052D8E21DE2C41400D6F55C /* PongiftSearchHistory.m */; };
		A052D9271DE2C41400D6F55C /* AFHTTPSessionManager.m in Sources */ = {isa = PBXBuildFile; fileRef = A052D8E61DE2C41400D6F55C /* AFHTTPSessionManager.m */; };
		A052D9281DE2C41400D6F55C /* AFNetworkReachabilityManager.m in Sources */ = {isa = PBXBuildFile; fileRef = A052D8E91DE2C41400D6F55C /* AFNetworkReachabilityManager.m */; };
		A052D9291DE2C41400D6F55C /* AFSecurityPolicy.m in Sources */ = {isa = PBXBuildFile; fileRef = A052D8EB1DE2C41400D6F55C /* AFSecurityPolicy.m */; };
		A052D92A1DE2C41400D6F55C /* AFURLRequestSerialization.m in Sources */ = {isa = PBXBuildFile; fileRef = A052D8ED1DE2C41400D6F55C /* AFURLRequestSerialization.m */; };
		A052D92B1DE2C41400D6F55C /* AFURLResponseSerialization.m in Sources */ = {isa = PBXBuildFile; fileRef = A052D8EF1DE2C41400D6F55C /* AFURLResponseSerialization.m */; };
		A052D92C1DE2C41400D6F55C /* AFURLSessionManager.m in Sources */ = {isa = PBXBuildFile; fileRef = A052D8F11DE2C41400D6F55C /* AFURLSessionManager.m */; };
		A052D92D1DE2C41400D6F55C /* PongiftCookieStore.m in Sources */ = {isa = PBXBuildFile; fileRef = A052D8F31DE2C41400D6F55C /* PongiftCookieStore.m */; };
		A052D92E1DE2C41400D6F55C /* PongiftRestService.m in Sources */ = {isa = PBXBuildFile; fileRef = A052D8F51DE2C41400D6F55C /* PongiftRestService.m */; };
		A052D92F1DE2C41400D6F55C /* AFAutoPurgingImageCache.m in Sources */ = {isa = PBXBuildFile; fileRef = A052D8F81DE2C41400D6F55C /* AFAutoPurgingImageCache.m */; };
		A052D9301DE2C41400D6F55C /* AFImageDownloader.m in Sources */ = {isa = PBXBuildFile; fileRef = A052D8FA1DE2C41400D6F55C /* AFImageDownloader.m */; };
		A052D9311DE2C41400D6F55C /* AFNetworkActivityIndicatorManager.m in Sources */ = {isa = PBXBuildFile; fileRef = A052D8FC1DE2C41400D6F55C /* AFNetworkActivityIndicatorManager.m */; };
		A052D9321DE2C41400D6F55C /* UIActivityIndicatorView+AFNetworking.m in Sources */ = {isa = PBXBuildFile; fileRef = A052D8FE1DE2C41400D6F55C /* UIActivityIndicatorView+AFNetworking.m */; };
		A052D9331DE2C41400D6F55C /* UIButton+AFNetworking.m in Sources */ = {isa = PBXBuildFile; fileRef = A052D9001DE2C41400D6F55C /* UIButton+AFNetworking.m */; };
		A052D9341DE2C41400D6F55C /* UIImageView+AFNetworking.m in Sources */ = {isa = PBXBuildFile; fileRef = A052D9031DE2C41400D6F55C /* UIImageView+AFNetworking.m */; };
		A052D9351DE2C41400D6F55C /* UIProgressView+AFNetworking.m in Sources */ = {isa = PBXBuildFile; fileRef = A052D9061DE2C41400D6F55C /* UIProgressView+AFNetworking.m */; };
		A052D9361DE2C41400D6F55C /* UIRefreshControl+AFNetworking.m in Sources */ = {isa = PBXBuildFile; fileRef = A052D9081DE2C41400D6F55C /* UIRefreshControl+AFNetworking.m */; };
		A052D9371DE2C41400D6F55C /* UIWebView+AFNetworking.m in Sources */ = {isa = PBXBuildFile; fileRef = A052D90A1DE2C41400D6F55C /* UIWebView+AFNetworking.m */; };
		A052D9381DE2C41400D6F55C /* PongiftBridgeHelper.m in Sources */ = {isa = PBXBuildFile; fileRef = A052D90D1DE2C41400D6F55C /* PongiftBridgeHelper.m */; };
		A052D9391DE2C41400D6F55C /* PongiftUtils.m in Sources */ = {isa = PBXBuildFile; fileRef = A052D90F1DE2C41400D6F55C /* PongiftUtils.m */; };
		A052D93A1DE2C41400D6F55C /* PongiftMemorialPushPopUpViewController.xib in Resources */ = {isa = PBXBuildFile; fileRef = A052D9111DE2C41400D6F55C /* PongiftMemorialPushPopUpViewController.xib */; };
		A052D93B1DE2C41400D6F55C /* PongiftPushPopUpCell.m in Sources */ = {isa = PBXBuildFile; fileRef = A052D9131DE2C41400D6F55C /* PongiftPushPopUpCell.m */; };
		A052D93C1DE2C41400D6F55C /* PongiftPushPopUpCell.xib in Resources */ = {isa = PBXBuildFile; fileRef = A052D9141DE2C41400D6F55C /* PongiftPushPopUpCell.xib */; };
		A052D93D1DE2C41400D6F55C /* WebViewJavascriptBridge.m in Sources */ = {isa = PBXBuildFile; fileRef = A052D9171DE2C41400D6F55C /* WebViewJavascriptBridge.m */; };
		A052D93E1DE2C41400D6F55C /* WebViewJavascriptBridge_JS.m in Sources */ = {isa = PBXBuildFile; fileRef = A052D9191DE2C41400D6F55C /* WebViewJavascriptBridge_JS.m */; };
		A052D93F1DE2C41400D6F55C /* WebViewJavascriptBridgeBase.m in Sources */ = {isa = PBXBuildFile; fileRef = A052D91B1DE2C41400D6F55C /* WebViewJavascriptBridgeBase.m */; };
		A052D9401DE2C41400D6F55C /* WKWebViewJavascriptBridge.m in Sources */ = {isa = PBXBuildFile; fileRef = A052D91D1DE2C41400D6F55C /* WKWebViewJavascriptBridge.m */; };
		A053E8E91DC09F74007D5875 /* main.m in Sources */ = {isa = PBXBuildFile; fileRef = A053E8E81DC09F74007D5875 /* main.m */; };
		A053E8EC1DC09F74007D5875 /* AppDelegate.m in Sources */ = {isa = PBXBuildFile; fileRef = A053E8EB1DC09F74007D5875 /* AppDelegate.m */; };
		A053E8EF1DC09F74007D5875 /* ViewController.m in Sources */ = {isa = PBXBuildFile; fileRef = A053E8EE1DC09F74007D5875 /* ViewController.m */; };
		A053E8F21DC09F74007D5875 /* Main.storyboard in Resources */ = {isa = PBXBuildFile; fileRef = A053E8F01DC09F74007D5875 /* Main.storyboard */; };
		A053E8F41DC09F74007D5875 /* Assets.xcassets in Resources */ = {isa = PBXBuildFile; fileRef = A053E8F31DC09F74007D5875 /* Assets.xcassets */; };
		A053E8F71DC09F74007D5875 /* LaunchScreen.storyboard in Resources */ = {isa = PBXBuildFile; fileRef = A053E8F51DC09F74007D5875 /* LaunchScreen.storyboard */; };
		A053E9021DC09F74007D5875 /* pongiftTestTests.m in Sources */ = {isa = PBXBuildFile; fileRef = A053E9011DC09F74007D5875 /* pongiftTestTests.m */; };
		A0C244FE1DE2BD6D0013C25F /* Pongift in Resources */ = {isa = PBXBuildFile; fileRef = A0C244FD1DE2BD6D0013C25F /* Pongift */; };
/* End PBXBuildFile section */

/* Begin PBXContainerItemProxy section */
		A053E8FE1DC09F74007D5875 /* PBXContainerItemProxy */ = {
			isa = PBXContainerItemProxy;
			containerPortal = A053E8DC1DC09F74007D5875 /* Project object */;
			proxyType = 1;
			remoteGlobalIDString = A053E8E31DC09F74007D5875;
			remoteInfo = pongiftTest;
		};
/* End PBXContainerItemProxy section */

/* Begin PBXFileReference section */
		A052D8CE1DE2C41400D6F55C /* PongiftAssets.xcassets */ = {isa = PBXFileReference; lastKnownFileType = folder.assetcatalog; path = PongiftAssets.xcassets; sourceTree = "<group>"; };
		A052D8D01DE2C41400D6F55C /* PongiftConstants.h */ = {isa = PBXFileReference; fileEncoding = 4; lastKnownFileType = sourcecode.c.h; path = PongiftConstants.h; sourceTree = "<group>"; };
		A052D8D11DE2C41400D6F55C /* PongiftConstants.m */ = {isa = PBXFileReference; fileEncoding = 4; lastKnownFileType = sourcecode.c.objc; path = PongiftConstants.m; sourceTree = "<group>"; };
		A052D8D31DE2C41400D6F55C /* PongiftMemorialPushPopUpViewController.h */ = {isa = PBXFileReference; fileEncoding = 4; lastKnownFileType = sourcecode.c.h; path = PongiftMemorialPushPopUpViewController.h; sourceTree = "<group>"; };
		A052D8D41DE2C41400D6F55C /* PongiftMemorialPushPopUpViewController.m */ = {isa = PBXFileReference; fileEncoding = 4; lastKnownFileType = sourcecode.c.objc; path = PongiftMemorialPushPopUpViewController.m; sourceTree = "<group>"; };
		A052D8D51DE2C41400D6F55C /* PongiftViewController.h */ = {isa = PBXFileReference; fileEncoding = 4; lastKnownFileType = sourcecode.c.h; path = PongiftViewController.h; sourceTree = "<group>"; };
		A052D8D61DE2C41400D6F55C /* PongiftViewController.m */ = {isa = PBXFileReference; fileEncoding = 4; lastKnownFileType = sourcecode.c.objc; path = PongiftViewController.m; sourceTree = "<group>"; };
		A052D8D81DE2C41400D6F55C /* PongiftAgent.h */ = {isa = PBXFileReference; fileEncoding = 4; lastKnownFileType = sourcecode.c.h; path = PongiftAgent.h; sourceTree = "<group>"; };
		A052D8D91DE2C41400D6F55C /* PongiftAgent.m */ = {isa = PBXFileReference; fileEncoding = 4; lastKnownFileType = sourcecode.c.objc; path = PongiftAgent.m; sourceTree = "<group>"; };
		A052D8DA1DE2C41400D6F55C /* PongiftContactsManager.h */ = {isa = PBXFileReference; fileEncoding = 4; lastKnownFileType = sourcecode.c.h; path = PongiftContactsManager.h; sourceTree = "<group>"; };
		A052D8DB1DE2C41400D6F55C /* PongiftContactsManager.m */ = {isa = PBXFileReference; fileEncoding = 4; lastKnownFileType = sourcecode.c.objc; path = PongiftContactsManager.m; sourceTree = "<group>"; };
		A052D8DC1DE2C41400D6F55C /* PongiftLocalNotificationManager.h */ = {isa = PBXFileReference; fileEncoding = 4; lastKnownFileType = sourcecode.c.h; path = PongiftLocalNotificationManager.h; sourceTree = "<group>"; };
		A052D8DD1DE2C41400D6F55C /* PongiftLocalNotificationManager.m */ = {isa = PBXFileReference; fileEncoding = 4; lastKnownFileType = sourcecode.c.objc; path = PongiftLocalNotificationManager.m; sourceTree = "<group>"; };
		A052D8DE1DE2C41400D6F55C /* PongiftPersistenceManager.h */ = {isa = PBXFileReference; fileEncoding = 4; lastKnownFileType = sourcecode.c.h; path = PongiftPersistenceManager.h; sourceTree = "<group>"; };
		A052D8DF1DE2C41400D6F55C /* PongiftPersistenceManager.m */ = {isa = PBXFileReference; fileEncoding = 4; lastKnownFileType = sourcecode.c.objc; path = PongiftPersistenceManager.m; sourceTree = "<group>"; };
		A052D8E11DE2C41400D6F55C /* PongiftSearchHistory.h */ = {isa = PBXFileReference; fileEncoding = 4; lastKnownFileType = sourcecode.c.h; path = PongiftSearchHistory.h; sourceTree = "<group>"; };
		A052D8E21DE2C41400D6F55C /* PongiftSearchHistory.m */ = {isa = PBXFileReference; fileEncoding = 4; lastKnownFileType = sourcecode.c.objc; path = PongiftSearchHistory.m; sourceTree = "<group>"; };
		A052D8E51DE2C41400D6F55C /* AFHTTPSessionManager.h */ = {isa = PBXFileReference; fileEncoding = 4; lastKnownFileType = sourcecode.c.h; path = AFHTTPSessionManager.h; sourceTree = "<group>"; };
		A052D8E61DE2C41400D6F55C /* AFHTTPSessionManager.m */ = {isa = PBXFileReference; fileEncoding = 4; lastKnownFileType = sourcecode.c.objc; path = AFHTTPSessionManager.m; sourceTree = "<group>"; };
		A052D8E71DE2C41400D6F55C /* AFNetworking.h */ = {isa = PBXFileReference; fileEncoding = 4; lastKnownFileType = sourcecode.c.h; path = AFNetworking.h; sourceTree = "<group>"; };
		A052D8E81DE2C41400D6F55C /* AFNetworkReachabilityManager.h */ = {isa = PBXFileReference; fileEncoding = 4; lastKnownFileType = sourcecode.c.h; path = AFNetworkReachabilityManager.h; sourceTree = "<group>"; };
		A052D8E91DE2C41400D6F55C /* AFNetworkReachabilityManager.m */ = {isa = PBXFileReference; fileEncoding = 4; lastKnownFileType = sourcecode.c.objc; path = AFNetworkReachabilityManager.m; sourceTree = "<group>"; };
		A052D8EA1DE2C41400D6F55C /* AFSecurityPolicy.h */ = {isa = PBXFileReference; fileEncoding = 4; lastKnownFileType = sourcecode.c.h; path = AFSecurityPolicy.h; sourceTree = "<group>"; };
		A052D8EB1DE2C41400D6F55C /* AFSecurityPolicy.m */ = {isa = PBXFileReference; fileEncoding = 4; lastKnownFileType = sourcecode.c.objc; path = AFSecurityPolicy.m; sourceTree = "<group>"; };
		A052D8EC1DE2C41400D6F55C /* AFURLRequestSerialization.h */ = {isa = PBXFileReference; fileEncoding = 4; lastKnownFileType = sourcecode.c.h; path = AFURLRequestSerialization.h; sourceTree = "<group>"; };
		A052D8ED1DE2C41400D6F55C /* AFURLRequestSerialization.m */ = {isa = PBXFileReference; fileEncoding = 4; lastKnownFileType = sourcecode.c.objc; path = AFURLRequestSerialization.m; sourceTree = "<group>"; };
		A052D8EE1DE2C41400D6F55C /* AFURLResponseSerialization.h */ = {isa = PBXFileReference; fileEncoding = 4; lastKnownFileType = sourcecode.c.h; path = AFURLResponseSerialization.h; sourceTree = "<group>"; };
		A052D8EF1DE2C41400D6F55C /* AFURLResponseSerialization.m */ = {isa = PBXFileReference; fileEncoding = 4; lastKnownFileType = sourcecode.c.objc; path = AFURLResponseSerialization.m; sourceTree = "<group>"; };
		A052D8F01DE2C41400D6F55C /* AFURLSessionManager.h */ = {isa = PBXFileReference; fileEncoding = 4; lastKnownFileType = sourcecode.c.h; path = AFURLSessionManager.h; sourceTree = "<group>"; };
		A052D8F11DE2C41400D6F55C /* AFURLSessionManager.m */ = {isa = PBXFileReference; fileEncoding = 4; lastKnownFileType = sourcecode.c.objc; path = AFURLSessionManager.m; sourceTree = "<group>"; };
		A052D8F21DE2C41400D6F55C /* PongiftCookieStore.h */ = {isa = PBXFileReference; fileEncoding = 4; lastKnownFileType = sourcecode.c.h; path = PongiftCookieStore.h; sourceTree = "<group>"; };
		A052D8F31DE2C41400D6F55C /* PongiftCookieStore.m */ = {isa = PBXFileReference; fileEncoding = 4; lastKnownFileType = sourcecode.c.objc; path = PongiftCookieStore.m; sourceTree = "<group>"; };
		A052D8F41DE2C41400D6F55C /* PongiftRestService.h */ = {isa = PBXFileReference; fileEncoding = 4; lastKnownFileType = sourcecode.c.h; path = PongiftRestService.h; sourceTree = "<group>"; };
		A052D8F51DE2C41400D6F55C /* PongiftRestService.m */ = {isa = PBXFileReference; fileEncoding = 4; lastKnownFileType = sourcecode.c.objc; path = PongiftRestService.m; sourceTree = "<group>"; };
		A052D8F71DE2C41400D6F55C /* AFAutoPurgingImageCache.h */ = {isa = PBXFileReference; fileEncoding = 4; lastKnownFileType = sourcecode.c.h; path = AFAutoPurgingImageCache.h; sourceTree = "<group>"; };
		A052D8F81DE2C41400D6F55C /* AFAutoPurgingImageCache.m */ = {isa = PBXFileReference; fileEncoding = 4; lastKnownFileType = sourcecode.c.objc; path = AFAutoPurgingImageCache.m; sourceTree = "<group>"; };
		A052D8F91DE2C41400D6F55C /* AFImageDownloader.h */ = {isa = PBXFileReference; fileEncoding = 4; lastKnownFileType = sourcecode.c.h; path = AFImageDownloader.h; sourceTree = "<group>"; };
		A052D8FA1DE2C41400D6F55C /* AFImageDownloader.m */ = {isa = PBXFileReference; fileEncoding = 4; lastKnownFileType = sourcecode.c.objc; path = AFImageDownloader.m; sourceTree = "<group>"; };
		A052D8FB1DE2C41400D6F55C /* AFNetworkActivityIndicatorManager.h */ = {isa = PBXFileReference; fileEncoding = 4; lastKnownFileType = sourcecode.c.h; path = AFNetworkActivityIndicatorManager.h; sourceTree = "<group>"; };
		A052D8FC1DE2C41400D6F55C /* AFNetworkActivityIndicatorManager.m */ = {isa = PBXFileReference; fileEncoding = 4; lastKnownFileType = sourcecode.c.objc; path = AFNetworkActivityIndicatorManager.m; sourceTree = "<group>"; };
		A052D8FD1DE2C41400D6F55C /* UIActivityIndicatorView+AFNetworking.h */ = {isa = PBXFileReference; fileEncoding = 4; lastKnownFileType = sourcecode.c.h; path = "UIActivityIndicatorView+AFNetworking.h"; sourceTree = "<group>"; };
		A052D8FE1DE2C41400D6F55C /* UIActivityIndicatorView+AFNetworking.m */ = {isa = PBXFileReference; fileEncoding = 4; lastKnownFileType = sourcecode.c.objc; path = "UIActivityIndicatorView+AFNetworking.m"; sourceTree = "<group>"; };
		A052D8FF1DE2C41400D6F55C /* UIButton+AFNetworking.h */ = {isa = PBXFileReference; fileEncoding = 4; lastKnownFileType = sourcecode.c.h; path = "UIButton+AFNetworking.h"; sourceTree = "<group>"; };
		A052D9001DE2C41400D6F55C /* UIButton+AFNetworking.m */ = {isa = PBXFileReference; fileEncoding = 4; lastKnownFileType = sourcecode.c.objc; path = "UIButton+AFNetworking.m"; sourceTree = "<group>"; };
		A052D9011DE2C41400D6F55C /* UIImage+AFNetworking.h */ = {isa = PBXFileReference; fileEncoding = 4; lastKnownFileType = sourcecode.c.h; path = "UIImage+AFNetworking.h"; sourceTree = "<group>"; };
		A052D9021DE2C41400D6F55C /* UIImageView+AFNetworking.h */ = {isa = PBXFileReference; fileEncoding = 4; lastKnownFileType = sourcecode.c.h; path = "UIImageView+AFNetworking.h"; sourceTree = "<group>"; };
		A052D9031DE2C41400D6F55C /* UIImageView+AFNetworking.m */ = {isa = PBXFileReference; fileEncoding = 4; lastKnownFileType = sourcecode.c.objc; path = "UIImageView+AFNetworking.m"; sourceTree = "<group>"; };
		A052D9041DE2C41400D6F55C /* UIKit+AFNetworking.h */ = {isa = PBXFileReference; fileEncoding = 4; lastKnownFileType = sourcecode.c.h; path = "UIKit+AFNetworking.h"; sourceTree = "<group>"; };
		A052D9051DE2C41400D6F55C /* UIProgressView+AFNetworking.h */ = {isa = PBXFileReference; fileEncoding = 4; lastKnownFileType = sourcecode.c.h; path = "UIProgressView+AFNetworking.h"; sourceTree = "<group>"; };
		A052D9061DE2C41400D6F55C /* UIProgressView+AFNetworking.m */ = {isa = PBXFileReference; fileEncoding = 4; lastKnownFileType = sourcecode.c.objc; path = "UIProgressView+AFNetworking.m"; sourceTree = "<group>"; };
		A052D9071DE2C41400D6F55C /* UIRefreshControl+AFNetworking.h */ = {isa = PBXFileReference; fileEncoding = 4; lastKnownFileType = sourcecode.c.h; path = "UIRefreshControl+AFNetworking.h"; sourceTree = "<group>"; };
		A052D9081DE2C41400D6F55C /* UIRefreshControl+AFNetworking.m */ = {isa = PBXFileReference; fileEncoding = 4; lastKnownFileType = sourcecode.c.objc; path = "UIRefreshControl+AFNetworking.m"; sourceTree = "<group>"; };
		A052D9091DE2C41400D6F55C /* UIWebView+AFNetworking.h */ = {isa = PBXFileReference; fileEncoding = 4; lastKnownFileType = sourcecode.c.h; path = "UIWebView+AFNetworking.h"; sourceTree = "<group>"; };
		A052D90A1DE2C41400D6F55C /* UIWebView+AFNetworking.m */ = {isa = PBXFileReference; fileEncoding = 4; lastKnownFileType = sourcecode.c.objc; path = "UIWebView+AFNetworking.m"; sourceTree = "<group>"; };
		A052D90C1DE2C41400D6F55C /* PongiftBridgeHelper.h */ = {isa = PBXFileReference; fileEncoding = 4; lastKnownFileType = sourcecode.c.h; path = PongiftBridgeHelper.h; sourceTree = "<group>"; };
		A052D90D1DE2C41400D6F55C /* PongiftBridgeHelper.m */ = {isa = PBXFileReference; fileEncoding = 4; lastKnownFileType = sourcecode.c.objc; path = PongiftBridgeHelper.m; sourceTree = "<group>"; };
		A052D90E1DE2C41400D6F55C /* PongiftUtils.h */ = {isa = PBXFileReference; fileEncoding = 4; lastKnownFileType = sourcecode.c.h; path = PongiftUtils.h; sourceTree = "<group>"; };
		A052D90F1DE2C41400D6F55C /* PongiftUtils.m */ = {isa = PBXFileReference; fileEncoding = 4; lastKnownFileType = sourcecode.c.objc; path = PongiftUtils.m; sourceTree = "<group>"; };
		A052D9111DE2C41400D6F55C /* PongiftMemorialPushPopUpViewController.xib */ = {isa = PBXFileReference; fileEncoding = 4; lastKnownFileType = file.xib; path = PongiftMemorialPushPopUpViewController.xib; sourceTree = "<group>"; };
		A052D9121DE2C41400D6F55C /* PongiftPushPopUpCell.h */ = {isa = PBXFileReference; fileEncoding = 4; lastKnownFileType = sourcecode.c.h; path = PongiftPushPopUpCell.h; sourceTree = "<group>"; };
		A052D9131DE2C41400D6F55C /* PongiftPushPopUpCell.m */ = {isa = PBXFileReference; fileEncoding = 4; lastKnownFileType = sourcecode.c.objc; path = PongiftPushPopUpCell.m; sourceTree = "<group>"; };
		A052D9141DE2C41400D6F55C /* PongiftPushPopUpCell.xib */ = {isa = PBXFileReference; fileEncoding = 4; lastKnownFileType = file.xib; path = PongiftPushPopUpCell.xib; sourceTree = "<group>"; };
		A052D9161DE2C41400D6F55C /* WebViewJavascriptBridge.h */ = {isa = PBXFileReference; fileEncoding = 4; lastKnownFileType = sourcecode.c.h; path = WebViewJavascriptBridge.h; sourceTree = "<group>"; };
		A052D9171DE2C41400D6F55C /* WebViewJavascriptBridge.m */ = {isa = PBXFileReference; fileEncoding = 4; lastKnownFileType = sourcecode.c.objc; path = WebViewJavascriptBridge.m; sourceTree = "<group>"; };
		A052D9181DE2C41400D6F55C /* WebViewJavascriptBridge_JS.h */ = {isa = PBXFileReference; fileEncoding = 4; lastKnownFileType = sourcecode.c.h; path = WebViewJavascriptBridge_JS.h; sourceTree = "<group>"; };
		A052D9191DE2C41400D6F55C /* WebViewJavascriptBridge_JS.m */ = {isa = PBXFileReference; fileEncoding = 4; lastKnownFileType = sourcecode.c.objc; path = WebViewJavascriptBridge_JS.m; sourceTree = "<group>"; };
		A052D91A1DE2C41400D6F55C /* WebViewJavascriptBridgeBase.h */ = {isa = PBXFileReference; fileEncoding = 4; lastKnownFileType = sourcecode.c.h; path = WebViewJavascriptBridgeBase.h; sourceTree = "<group>"; };
		A052D91B1DE2C41400D6F55C /* WebViewJavascriptBridgeBase.m */ = {isa = PBXFileReference; fileEncoding = 4; lastKnownFileType = sourcecode.c.objc; path = WebViewJavascriptBridgeBase.m; sourceTree = "<group>"; };
		A052D91C1DE2C41400D6F55C /* WKWebViewJavascriptBridge.h */ = {isa = PBXFileReference; fileEncoding = 4; lastKnownFileType = sourcecode.c.h; path = WKWebViewJavascriptBridge.h; sourceTree = "<group>"; };
		A052D91D1DE2C41400D6F55C /* WKWebViewJavascriptBridge.m */ = {isa = PBXFileReference; fileEncoding = 4; lastKnownFileType = sourcecode.c.objc; path = WKWebViewJavascriptBridge.m; sourceTree = "<group>"; };
		A053E8E41DC09F74007D5875 /* pongiftTest.app */ = {isa = PBXFileReference; explicitFileType = wrapper.application; includeInIndex = 0; path = pongiftTest.app; sourceTree = BUILT_PRODUCTS_DIR; };
		A053E8E81DC09F74007D5875 /* main.m */ = {isa = PBXFileReference; lastKnownFileType = sourcecode.c.objc; path = main.m; sourceTree = "<group>"; };
		A053E8EA1DC09F74007D5875 /* AppDelegate.h */ = {isa = PBXFileReference; lastKnownFileType = sourcecode.c.h; path = AppDelegate.h; sourceTree = "<group>"; };
		A053E8EB1DC09F74007D5875 /* AppDelegate.m */ = {isa = PBXFileReference; lastKnownFileType = sourcecode.c.objc; path = AppDelegate.m; sourceTree = "<group>"; };
		A053E8ED1DC09F74007D5875 /* ViewController.h */ = {isa = PBXFileReference; lastKnownFileType = sourcecode.c.h; path = ViewController.h; sourceTree = "<group>"; };
		A053E8EE1DC09F74007D5875 /* ViewController.m */ = {isa = PBXFileReference; lastKnownFileType = sourcecode.c.objc; path = ViewController.m; sourceTree = "<group>"; };
		A053E8F11DC09F74007D5875 /* Base */ = {isa = PBXFileReference; lastKnownFileType = file.storyboard; name = Base; path = Base.lproj/Main.storyboard; sourceTree = "<group>"; };
		A053E8F31DC09F74007D5875 /* Assets.xcassets */ = {isa = PBXFileReference; lastKnownFileType = folder.assetcatalog; path = Assets.xcassets; sourceTree = "<group>"; };
		A053E8F61DC09F74007D5875 /* Base */ = {isa = PBXFileReference; lastKnownFileType = file.storyboard; name = Base; path = Base.lproj/LaunchScreen.storyboard; sourceTree = "<group>"; };
		A053E8F81DC09F74007D5875 /* Info.plist */ = {isa = PBXFileReference; lastKnownFileType = text.plist.xml; path = Info.plist; sourceTree = "<group>"; };
		A053E8FD1DC09F74007D5875 /* pongiftTestTests.xctest */ = {isa = PBXFileReference; explicitFileType = wrapper.cfbundle; includeInIndex = 0; path = pongiftTestTests.xctest; sourceTree = BUILT_PRODUCTS_DIR; };
		A053E9011DC09F74007D5875 /* pongiftTestTests.m */ = {isa = PBXFileReference; lastKnownFileType = sourcecode.c.objc; path = pongiftTestTests.m; sourceTree = "<group>"; };
		A053E9031DC09F74007D5875 /* Info.plist */ = {isa = PBXFileReference; lastKnownFileType = text.plist.xml; path = Info.plist; sourceTree = "<group>"; };
		A0C244FD1DE2BD6D0013C25F /* Pongift */ = {isa = PBXFileReference; lastKnownFileType = folder; name = Pongift; path = "/Users/sngjoong/Documents/sgdevelopments/platfos/pongift-sdk-ios/PongiftSDK/Pongift"; sourceTree = "<absolute>"; };
/* End PBXFileReference section */

/* Begin PBXFrameworksBuildPhase section */
		A053E8E11DC09F74007D5875 /* Frameworks */ = {
			isa = PBXFrameworksBuildPhase;
			buildActionMask = 2147483647;
			files = (
			);
			runOnlyForDeploymentPostprocessing = 0;
		};
		A053E8FA1DC09F74007D5875 /* Frameworks */ = {
			isa = PBXFrameworksBuildPhase;
			buildActionMask = 2147483647;
			files = (
			);
			runOnlyForDeploymentPostprocessing = 0;
		};
/* End PBXFrameworksBuildPhase section */

/* Begin PBXGroup section */
		A052D8CC1DE2C41400D6F55C /* Pongift */ = {
			isa = PBXGroup;
			children = (
				A052D8CD1DE2C41400D6F55C /* Assets */,
				A052D8CF1DE2C41400D6F55C /* Constants */,
				A052D8D21DE2C41400D6F55C /* Controllers */,
				A052D8D71DE2C41400D6F55C /* Managers */,
				A052D8E01DE2C41400D6F55C /* Models */,
				A052D8E31DE2C41400D6F55C /* Network */,
				A052D90B1DE2C41400D6F55C /* Utils */,
				A052D9101DE2C41400D6F55C /* Views */,
				A052D9151DE2C41400D6F55C /* WebBridge */,
			);
			name = Pongift;
			path = "../../pongift-sdk-ios/PongiftSDK/Pongift";
			sourceTree = "<group>";
		};
		A052D8CD1DE2C41400D6F55C /* Assets */ = {
			isa = PBXGroup;
			children = (
				A052D8CE1DE2C41400D6F55C /* PongiftAssets.xcassets */,
			);
			path = Assets;
			sourceTree = "<group>";
		};
		A052D8CF1DE2C41400D6F55C /* Constants */ = {
			isa = PBXGroup;
			children = (
				A052D8D01DE2C41400D6F55C /* PongiftConstants.h */,
				A052D8D11DE2C41400D6F55C /* PongiftConstants.m */,
			);
			path = Constants;
			sourceTree = "<group>";
		};
		A052D8D21DE2C41400D6F55C /* Controllers */ = {
			isa = PBXGroup;
			children = (
				A052D8D31DE2C41400D6F55C /* PongiftMemorialPushPopUpViewController.h */,
				A052D8D41DE2C41400D6F55C /* PongiftMemorialPushPopUpViewController.m */,
				A052D8D51DE2C41400D6F55C /* PongiftViewController.h */,
				A052D8D61DE2C41400D6F55C /* PongiftViewController.m */,
			);
			path = Controllers;
			sourceTree = "<group>";
		};
		A052D8D71DE2C41400D6F55C /* Managers */ = {
			isa = PBXGroup;
			children = (
				A052D8D81DE2C41400D6F55C /* PongiftAgent.h */,
				A052D8D91DE2C41400D6F55C /* PongiftAgent.m */,
				A052D8DA1DE2C41400D6F55C /* PongiftContactsManager.h */,
				A052D8DB1DE2C41400D6F55C /* PongiftContactsManager.m */,
				A052D8DC1DE2C41400D6F55C /* PongiftLocalNotificationManager.h */,
				A052D8DD1DE2C41400D6F55C /* PongiftLocalNotificationManager.m */,
				A052D8DE1DE2C41400D6F55C /* PongiftPersistenceManager.h */,
				A052D8DF1DE2C41400D6F55C /* PongiftPersistenceManager.m */,
			);
			path = Managers;
			sourceTree = "<group>";
		};
		A052D8E01DE2C41400D6F55C /* Models */ = {
			isa = PBXGroup;
			children = (
				A052D8E11DE2C41400D6F55C /* PongiftSearchHistory.h */,
				A052D8E21DE2C41400D6F55C /* PongiftSearchHistory.m */,
			);
			path = Models;
			sourceTree = "<group>";
		};
		A052D8E31DE2C41400D6F55C /* Network */ = {
			isa = PBXGroup;
			children = (
				A052D8E41DE2C41400D6F55C /* AFNetworking */,
				A052D8F21DE2C41400D6F55C /* PongiftCookieStore.h */,
				A052D8F31DE2C41400D6F55C /* PongiftCookieStore.m */,
				A052D8F41DE2C41400D6F55C /* PongiftRestService.h */,
				A052D8F51DE2C41400D6F55C /* PongiftRestService.m */,
				A052D8F61DE2C41400D6F55C /* UIKit+AFNetworking */,
			);
			path = Network;
			sourceTree = "<group>";
		};
		A052D8E41DE2C41400D6F55C /* AFNetworking */ = {
			isa = PBXGroup;
			children = (
				A052D8E51DE2C41400D6F55C /* AFHTTPSessionManager.h */,
				A052D8E61DE2C41400D6F55C /* AFHTTPSessionManager.m */,
				A052D8E71DE2C41400D6F55C /* AFNetworking.h */,
				A052D8E81DE2C41400D6F55C /* AFNetworkReachabilityManager.h */,
				A052D8E91DE2C41400D6F55C /* AFNetworkReachabilityManager.m */,
				A052D8EA1DE2C41400D6F55C /* AFSecurityPolicy.h */,
				A052D8EB1DE2C41400D6F55C /* AFSecurityPolicy.m */,
				A052D8EC1DE2C41400D6F55C /* AFURLRequestSerialization.h */,
				A052D8ED1DE2C41400D6F55C /* AFURLRequestSerialization.m */,
				A052D8EE1DE2C41400D6F55C /* AFURLResponseSerialization.h */,
				A052D8EF1DE2C41400D6F55C /* AFURLResponseSerialization.m */,
				A052D8F01DE2C41400D6F55C /* AFURLSessionManager.h */,
				A052D8F11DE2C41400D6F55C /* AFURLSessionManager.m */,
			);
			path = AFNetworking;
			sourceTree = "<group>";
		};
		A052D8F61DE2C41400D6F55C /* UIKit+AFNetworking */ = {
			isa = PBXGroup;
			children = (
				A052D8F71DE2C41400D6F55C /* AFAutoPurgingImageCache.h */,
				A052D8F81DE2C41400D6F55C /* AFAutoPurgingImageCache.m */,
				A052D8F91DE2C41400D6F55C /* AFImageDownloader.h */,
				A052D8FA1DE2C41400D6F55C /* AFImageDownloader.m */,
				A052D8FB1DE2C41400D6F55C /* AFNetworkActivityIndicatorManager.h */,
				A052D8FC1DE2C41400D6F55C /* AFNetworkActivityIndicatorManager.m */,
				A052D8FD1DE2C41400D6F55C /* UIActivityIndicatorView+AFNetworking.h */,
				A052D8FE1DE2C41400D6F55C /* UIActivityIndicatorView+AFNetworking.m */,
				A052D8FF1DE2C41400D6F55C /* UIButton+AFNetworking.h */,
				A052D9001DE2C41400D6F55C /* UIButton+AFNetworking.m */,
				A052D9011DE2C41400D6F55C /* UIImage+AFNetworking.h */,
				A052D9021DE2C41400D6F55C /* UIImageView+AFNetworking.h */,
				A052D9031DE2C41400D6F55C /* UIImageView+AFNetworking.m */,
				A052D9041DE2C41400D6F55C /* UIKit+AFNetworking.h */,
				A052D9051DE2C41400D6F55C /* UIProgressView+AFNetworking.h */,
				A052D9061DE2C41400D6F55C /* UIProgressView+AFNetworking.m */,
				A052D9071DE2C41400D6F55C /* UIRefreshControl+AFNetworking.h */,
				A052D9081DE2C41400D6F55C /* UIRefreshControl+AFNetworking.m */,
				A052D9091DE2C41400D6F55C /* UIWebView+AFNetworking.h */,
				A052D90A1DE2C41400D6F55C /* UIWebView+AFNetworking.m */,
			);
			path = "UIKit+AFNetworking";
			sourceTree = "<group>";
		};
		A052D90B1DE2C41400D6F55C /* Utils */ = {
			isa = PBXGroup;
			children = (
				A052D90C1DE2C41400D6F55C /* PongiftBridgeHelper.h */,
				A052D90D1DE2C41400D6F55C /* PongiftBridgeHelper.m */,
				A052D90E1DE2C41400D6F55C /* PongiftUtils.h */,
				A052D90F1DE2C41400D6F55C /* PongiftUtils.m */,
			);
			path = Utils;
			sourceTree = "<group>";
		};
		A052D9101DE2C41400D6F55C /* Views */ = {
			isa = PBXGroup;
			children = (
				A052D9111DE2C41400D6F55C /* PongiftMemorialPushPopUpViewController.xib */,
				A052D9121DE2C41400D6F55C /* PongiftPushPopUpCell.h */,
				A052D9131DE2C41400D6F55C /* PongiftPushPopUpCell.m */,
				A052D9141DE2C41400D6F55C /* PongiftPushPopUpCell.xib */,
			);
			path = Views;
			sourceTree = "<group>";
		};
		A052D9151DE2C41400D6F55C /* WebBridge */ = {
			isa = PBXGroup;
			children = (
				A052D9161DE2C41400D6F55C /* WebViewJavascriptBridge.h */,
				A052D9171DE2C41400D6F55C /* WebViewJavascriptBridge.m */,
				A052D9181DE2C41400D6F55C /* WebViewJavascriptBridge_JS.h */,
				A052D9191DE2C41400D6F55C /* WebViewJavascriptBridge_JS.m */,
				A052D91A1DE2C41400D6F55C /* WebViewJavascriptBridgeBase.h */,
				A052D91B1DE2C41400D6F55C /* WebViewJavascriptBridgeBase.m */,
				A052D91C1DE2C41400D6F55C /* WKWebViewJavascriptBridge.h */,
				A052D91D1DE2C41400D6F55C /* WKWebViewJavascriptBridge.m */,
			);
			path = WebBridge;
			sourceTree = "<group>";
		};
		A053E8DB1DC09F74007D5875 = {
			isa = PBXGroup;
			children = (
				A053E8E61DC09F74007D5875 /* pongiftTest */,
				A053E9001DC09F74007D5875 /* pongiftTestTests */,
				A053E8E51DC09F74007D5875 /* Products */,
				A0DD3D0E1DC8DCAE0058C753 /* Frameworks */,
			);
			sourceTree = "<group>";
		};
		A053E8E51DC09F74007D5875 /* Products */ = {
			isa = PBXGroup;
			children = (
				A053E8E41DC09F74007D5875 /* pongiftTest.app */,
				A053E8FD1DC09F74007D5875 /* pongiftTestTests.xctest */,
			);
			name = Products;
			sourceTree = "<group>";
		};
		A053E8E61DC09F74007D5875 /* pongiftTest */ = {
			isa = PBXGroup;
			children = (
				A052D8CC1DE2C41400D6F55C /* Pongift */,
				A053E8EA1DC09F74007D5875 /* AppDelegate.h */,
				A053E8EB1DC09F74007D5875 /* AppDelegate.m */,
				A053E8ED1DC09F74007D5875 /* ViewController.h */,
				A053E8EE1DC09F74007D5875 /* ViewController.m */,
				A053E8F01DC09F74007D5875 /* Main.storyboard */,
				A053E8F31DC09F74007D5875 /* Assets.xcassets */,
				A053E8F51DC09F74007D5875 /* LaunchScreen.storyboard */,
				A053E8F81DC09F74007D5875 /* Info.plist */,
				A053E8E71DC09F74007D5875 /* Supporting Files */,
			);
			path = pongiftTest;
			sourceTree = "<group>";
		};
		A053E8E71DC09F74007D5875 /* Supporting Files */ = {
			isa = PBXGroup;
			children = (
				A053E8E81DC09F74007D5875 /* main.m */,
			);
			name = "Supporting Files";
			sourceTree = "<group>";
		};
		A053E9001DC09F74007D5875 /* pongiftTestTests */ = {
			isa = PBXGroup;
			children = (
				A053E9011DC09F74007D5875 /* pongiftTestTests.m */,
				A053E9031DC09F74007D5875 /* Info.plist */,
			);
			path = pongiftTestTests;
			sourceTree = "<group>";
		};
		A0DD3D0E1DC8DCAE0058C753 /* Frameworks */ = {
			isa = PBXGroup;
			children = (
			);
			name = Frameworks;
			sourceTree = "<group>";
		};
/* End PBXGroup section */

/* Begin PBXNativeTarget section */
		A053E8E31DC09F74007D5875 /* pongiftTest */ = {
			isa = PBXNativeTarget;
			buildConfigurationList = A053E9061DC09F74007D5875 /* Build configuration list for PBXNativeTarget "pongiftTest" */;
			buildPhases = (
				A053E8E01DC09F74007D5875 /* Sources */,
				A053E8E11DC09F74007D5875 /* Frameworks */,
				A053E8E21DC09F74007D5875 /* Resources */,
			);
			buildRules = (
			);
			dependencies = (
			);
			name = pongiftTest;
			productName = pongiftTest;
			productReference = A053E8E41DC09F74007D5875 /* pongiftTest.app */;
			productType = "com.apple.product-type.application";
		};
		A053E8FC1DC09F74007D5875 /* pongiftTestTests */ = {
			isa = PBXNativeTarget;
			buildConfigurationList = A053E9091DC09F74007D5875 /* Build configuration list for PBXNativeTarget "pongiftTestTests" */;
			buildPhases = (
				A053E8F91DC09F74007D5875 /* Sources */,
				A053E8FA1DC09F74007D5875 /* Frameworks */,
				A053E8FB1DC09F74007D5875 /* Resources */,
			);
			buildRules = (
			);
			dependencies = (
				A053E8FF1DC09F74007D5875 /* PBXTargetDependency */,
			);
			name = pongiftTestTests;
			productName = pongiftTestTests;
			productReference = A053E8FD1DC09F74007D5875 /* pongiftTestTests.xctest */;
			productType = "com.apple.product-type.bundle.unit-test";
		};
/* End PBXNativeTarget section */

/* Begin PBXProject section */
		A053E8DC1DC09F74007D5875 /* Project object */ = {
			isa = PBXProject;
			attributes = {
				LastUpgradeCheck = 0810;
				ORGANIZATIONNAME = slogup;
				TargetAttributes = {
					A053E8E31DC09F74007D5875 = {
						CreatedOnToolsVersion = 8.0;
						DevelopmentTeam = 47BE2M79H8;
						ProvisioningStyle = Automatic;
					};
					A053E8FC1DC09F74007D5875 = {
						CreatedOnToolsVersion = 8.0;
						DevelopmentTeam = 3BX7UAG4ZQ;
						ProvisioningStyle = Automatic;
						TestTargetID = A053E8E31DC09F74007D5875;
					};
				};
			};
			buildConfigurationList = A053E8DF1DC09F74007D5875 /* Build configuration list for PBXProject "pongiftTest" */;
			compatibilityVersion = "Xcode 3.2";
			developmentRegion = English;
			hasScannedForEncodings = 0;
			knownRegions = (
				en,
				Base,
			);
			mainGroup = A053E8DB1DC09F74007D5875;
			productRefGroup = A053E8E51DC09F74007D5875 /* Products */;
			projectDirPath = "";
			projectRoot = "";
			targets = (
				A053E8E31DC09F74007D5875 /* pongiftTest */,
				A053E8FC1DC09F74007D5875 /* pongiftTestTests */,
			);
		};
/* End PBXProject section */

/* Begin PBXResourcesBuildPhase section */
		A053E8E21DC09F74007D5875 /* Resources */ = {
			isa = PBXResourcesBuildPhase;
			buildActionMask = 2147483647;
			files = (
				A053E8F71DC09F74007D5875 /* LaunchScreen.storyboard in Resources */,
				A052D93A1DE2C41400D6F55C /* PongiftMemorialPushPopUpViewController.xib in Resources */,
				A052D93C1DE2C41400D6F55C /* PongiftPushPopUpCell.xib in Resources */,
				A052D91E1DE2C41400D6F55C /* PongiftAssets.xcassets in Resources */,
				A053E8F41DC09F74007D5875 /* Assets.xcassets in Resources */,
				A0C244FE1DE2BD6D0013C25F /* Pongift in Resources */,
				A053E8F21DC09F74007D5875 /* Main.storyboard in Resources */,
			);
			runOnlyForDeploymentPostprocessing = 0;
		};
		A053E8FB1DC09F74007D5875 /* Resources */ = {
			isa = PBXResourcesBuildPhase;
			buildActionMask = 2147483647;
			files = (
			);
			runOnlyForDeploymentPostprocessing = 0;
		};
/* End PBXResourcesBuildPhase section */

/* Begin PBXSourcesBuildPhase section */
		A053E8E01DC09F74007D5875 /* Sources */ = {
			isa = PBXSourcesBuildPhase;
			buildActionMask = 2147483647;
			files = (
				A052D92C1DE2C41400D6F55C /* AFURLSessionManager.m in Sources */,
				A052D93B1DE2C41400D6F55C /* PongiftPushPopUpCell.m in Sources */,
				A052D9391DE2C41400D6F55C /* PongiftUtils.m in Sources */,
				A052D9291DE2C41400D6F55C /* AFSecurityPolicy.m in Sources */,
				A053E8EF1DC09F74007D5875 /* ViewController.m in Sources */,
				A052D9281DE2C41400D6F55C /* AFNetworkReachabilityManager.m in Sources */,
				A052D9401DE2C41400D6F55C /* WKWebViewJavascriptBridge.m in Sources */,
				A052D9311DE2C41400D6F55C /* AFNetworkActivityIndicatorManager.m in Sources */,
				A052D91F1DE2C41400D6F55C /* PongiftConstants.m in Sources */,
				A052D9241DE2C41400D6F55C /* PongiftLocalNotificationManager.m in Sources */,
				A052D9271DE2C41400D6F55C /* AFHTTPSessionManager.m in Sources */,
				A052D9211DE2C41400D6F55C /* PongiftViewController.m in Sources */,
				A052D9221DE2C41400D6F55C /* PongiftAgent.m in Sources */,
				A052D9231DE2C41400D6F55C /* PongiftContactsManager.m in Sources */,
				A052D9341DE2C41400D6F55C /* UIImageView+AFNetworking.m in Sources */,
				A052D9351DE2C41400D6F55C /* UIProgressView+AFNetworking.m in Sources */,
				A052D9201DE2C41400D6F55C /* PongiftMemorialPushPopUpViewController.m in Sources */,
				A052D9361DE2C41400D6F55C /* UIRefreshControl+AFNetworking.m in Sources */,
				A052D93D1DE2C41400D6F55C /* WebViewJavascriptBridge.m in Sources */,
				A052D9301DE2C41400D6F55C /* AFImageDownloader.m in Sources */,
				A052D9261DE2C41400D6F55C /* PongiftSearchHistory.m in Sources */,
				A052D9381DE2C41400D6F55C /* PongiftBridgeHelper.m in Sources */,
				A052D9331DE2C41400D6F55C /* UIButton+AFNetworking.m in Sources */,
				A052D9251DE2C41400D6F55C /* PongiftPersistenceManager.m in Sources */,
				A052D92D1DE2C41400D6F55C /* PongiftCookieStore.m in Sources */,
				A052D92A1DE2C41400D6F55C /* AFURLRequestSerialization.m in Sources */,
				A052D92F1DE2C41400D6F55C /* AFAutoPurgingImageCache.m in Sources */,
				A052D9321DE2C41400D6F55C /* UIActivityIndicatorView+AFNetworking.m in Sources */,
				A053E8EC1DC09F74007D5875 /* AppDelegate.m in Sources */,
				A052D9371DE2C41400D6F55C /* UIWebView+AFNetworking.m in Sources */,
				A052D92E1DE2C41400D6F55C /* PongiftRestService.m in Sources */,
				A052D93F1DE2C41400D6F55C /* WebViewJavascriptBridgeBase.m in Sources */,
				A052D92B1DE2C41400D6F55C /* AFURLResponseSerialization.m in Sources */,
				A053E8E91DC09F74007D5875 /* main.m in Sources */,
				A052D93E1DE2C41400D6F55C /* WebViewJavascriptBridge_JS.m in Sources */,
			);
			runOnlyForDeploymentPostprocessing = 0;
		};
		A053E8F91DC09F74007D5875 /* Sources */ = {
			isa = PBXSourcesBuildPhase;
			buildActionMask = 2147483647;
			files = (
				A053E9021DC09F74007D5875 /* pongiftTestTests.m in Sources */,
			);
			runOnlyForDeploymentPostprocessing = 0;
		};
/* End PBXSourcesBuildPhase section */

/* Begin PBXTargetDependency section */
		A053E8FF1DC09F74007D5875 /* PBXTargetDependency */ = {
			isa = PBXTargetDependency;
			target = A053E8E31DC09F74007D5875 /* pongiftTest */;
			targetProxy = A053E8FE1DC09F74007D5875 /* PBXContainerItemProxy */;
		};
/* End PBXTargetDependency section */

/* Begin PBXVariantGroup section */
		A053E8F01DC09F74007D5875 /* Main.storyboard */ = {
			isa = PBXVariantGroup;
			children = (
				A053E8F11DC09F74007D5875 /* Base */,
			);
			name = Main.storyboard;
			sourceTree = "<group>";
		};
		A053E8F51DC09F74007D5875 /* LaunchScreen.storyboard */ = {
			isa = PBXVariantGroup;
			children = (
				A053E8F61DC09F74007D5875 /* Base */,
			);
			name = LaunchScreen.storyboard;
			sourceTree = "<group>";
		};
/* End PBXVariantGroup section */

/* Begin XCBuildConfiguration section */
		A053E9041DC09F74007D5875 /* Debug */ = {
			isa = XCBuildConfiguration;
			buildSettings = {
				ALWAYS_SEARCH_USER_PATHS = NO;
				CLANG_ANALYZER_NONNULL = YES;
				CLANG_CXX_LANGUAGE_STANDARD = "gnu++0x";
				CLANG_CXX_LIBRARY = "libc++";
				CLANG_ENABLE_MODULES = YES;
				CLANG_ENABLE_OBJC_ARC = YES;
				CLANG_WARN_BOOL_CONVERSION = YES;
				CLANG_WARN_CONSTANT_CONVERSION = YES;
				CLANG_WARN_DIRECT_OBJC_ISA_USAGE = YES_ERROR;
				CLANG_WARN_DOCUMENTATION_COMMENTS = YES;
				CLANG_WARN_EMPTY_BODY = YES;
				CLANG_WARN_ENUM_CONVERSION = YES;
				CLANG_WARN_INFINITE_RECURSION = YES;
				CLANG_WARN_INT_CONVERSION = YES;
				CLANG_WARN_OBJC_ROOT_CLASS = YES_ERROR;
				CLANG_WARN_SUSPICIOUS_MOVE = YES;
				CLANG_WARN_SUSPICIOUS_MOVES = YES;
				CLANG_WARN_UNREACHABLE_CODE = YES;
				CLANG_WARN__DUPLICATE_METHOD_MATCH = YES;
				"CODE_SIGN_IDENTITY[sdk=iphoneos*]" = "iPhone Developer";
				COPY_PHASE_STRIP = NO;
				DEBUG_INFORMATION_FORMAT = dwarf;
				ENABLE_STRICT_OBJC_MSGSEND = YES;
				ENABLE_TESTABILITY = YES;
				GCC_C_LANGUAGE_STANDARD = gnu99;
				GCC_DYNAMIC_NO_PIC = NO;
				GCC_NO_COMMON_BLOCKS = YES;
				GCC_OPTIMIZATION_LEVEL = 0;
				GCC_PREPROCESSOR_DEFINITIONS = (
					"DEBUG=1",
					"$(inherited)",
				);
				GCC_WARN_64_TO_32_BIT_CONVERSION = YES;
				GCC_WARN_ABOUT_RETURN_TYPE = YES_ERROR;
				GCC_WARN_UNDECLARED_SELECTOR = YES;
				GCC_WARN_UNINITIALIZED_AUTOS = YES_AGGRESSIVE;
				GCC_WARN_UNUSED_FUNCTION = YES;
				GCC_WARN_UNUSED_VARIABLE = YES;
				IPHONEOS_DEPLOYMENT_TARGET = 9.0;
				MTL_ENABLE_DEBUG_INFO = YES;
				ONLY_ACTIVE_ARCH = YES;
				SDKROOT = iphoneos;
			};
			name = Debug;
		};
		A053E9051DC09F74007D5875 /* Release */ = {
			isa = XCBuildConfiguration;
			buildSettings = {
				ALWAYS_SEARCH_USER_PATHS = NO;
				CLANG_ANALYZER_NONNULL = YES;
				CLANG_CXX_LANGUAGE_STANDARD = "gnu++0x";
				CLANG_CXX_LIBRARY = "libc++";
				CLANG_ENABLE_MODULES = YES;
				CLANG_ENABLE_OBJC_ARC = YES;
				CLANG_WARN_BOOL_CONVERSION = YES;
				CLANG_WARN_CONSTANT_CONVERSION = YES;
				CLANG_WARN_DIRECT_OBJC_ISA_USAGE = YES_ERROR;
				CLANG_WARN_DOCUMENTATION_COMMENTS = YES;
				CLANG_WARN_EMPTY_BODY = YES;
				CLANG_WARN_ENUM_CONVERSION = YES;
				CLANG_WARN_INFINITE_RECURSION = YES;
				CLANG_WARN_INT_CONVERSION = YES;
				CLANG_WARN_OBJC_ROOT_CLASS = YES_ERROR;
				CLANG_WARN_SUSPICIOUS_MOVE = YES;
				CLANG_WARN_SUSPICIOUS_MOVES = YES;
				CLANG_WARN_UNREACHABLE_CODE = YES;
				CLANG_WARN__DUPLICATE_METHOD_MATCH = YES;
				"CODE_SIGN_IDENTITY[sdk=iphoneos*]" = "iPhone Developer";
				COPY_PHASE_STRIP = NO;
				DEBUG_INFORMATION_FORMAT = "dwarf-with-dsym";
				ENABLE_NS_ASSERTIONS = NO;
				ENABLE_STRICT_OBJC_MSGSEND = YES;
				GCC_C_LANGUAGE_STANDARD = gnu99;
				GCC_NO_COMMON_BLOCKS = YES;
				GCC_WARN_64_TO_32_BIT_CONVERSION = YES;
				GCC_WARN_ABOUT_RETURN_TYPE = YES_ERROR;
				GCC_WARN_UNDECLARED_SELECTOR = YES;
				GCC_WARN_UNINITIALIZED_AUTOS = YES_AGGRESSIVE;
				GCC_WARN_UNUSED_FUNCTION = YES;
				GCC_WARN_UNUSED_VARIABLE = YES;
				IPHONEOS_DEPLOYMENT_TARGET = 9.0;
				MTL_ENABLE_DEBUG_INFO = NO;
				SDKROOT = iphoneos;
				VALIDATE_PRODUCT = YES;
			};
			name = Release;
		};
		A053E9071DC09F74007D5875 /* Debug */ = {
			isa = XCBuildConfiguration;
			buildSettings = {
				ASSETCATALOG_COMPILER_APPICON_NAME = AppIcon;
				"CODE_SIGN_IDENTITY[sdk=iphoneos*]" = "iPhone Developer";
				DEVELOPMENT_TEAM = 47BE2M79H8;
				FRAMEWORK_SEARCH_PATHS = (
					"$(inherited)",
					"$(PROJECT_DIR)",
					"$(PROJECT_DIR)/pongiftTest",
				);
				HEADER_SEARCH_PATHS = "";
				INFOPLIST_FILE = pongiftTest/Info.plist;
				LD_RUNPATH_SEARCH_PATHS = "$(inherited) @executable_path/Frameworks";
				PRODUCT_BUNDLE_IDENTIFIER = com.platfos.pongift2;
				PRODUCT_NAME = "$(TARGET_NAME)";
				PROVISIONING_PROFILE = "";
				PROVISIONING_PROFILE_SPECIFIER = "";
			};
			name = Debug;
		};
		A053E9081DC09F74007D5875 /* Release */ = {
			isa = XCBuildConfiguration;
			buildSettings = {
				ASSETCATALOG_COMPILER_APPICON_NAME = AppIcon;
				"CODE_SIGN_IDENTITY[sdk=iphoneos*]" = "iPhone Developer";
				DEVELOPMENT_TEAM = 47BE2M79H8;
				FRAMEWORK_SEARCH_PATHS = (
					"$(inherited)",
					"$(PROJECT_DIR)",
					"$(PROJECT_DIR)/pongiftTest",
				);
				HEADER_SEARCH_PATHS = "";
				INFOPLIST_FILE = pongiftTest/Info.plist;
				LD_RUNPATH_SEARCH_PATHS = "$(inherited) @executable_path/Frameworks";
				PRODUCT_BUNDLE_IDENTIFIER = com.platfos.pongift2;
				PRODUCT_NAME = "$(TARGET_NAME)";
			};
			name = Release;
		};
		A053E90A1DC09F74007D5875 /* Debug */ = {
			isa = XCBuildConfiguration;
			buildSettings = {
				BUNDLE_LOADER = "$(TEST_HOST)";
				DEVELOPMENT_TEAM = 3BX7UAG4ZQ;
				INFOPLIST_FILE = pongiftTestTests/Info.plist;
				LD_RUNPATH_SEARCH_PATHS = "$(inherited) @executable_path/Frameworks @loader_path/Frameworks";
				PRODUCT_BUNDLE_IDENTIFIER = com.pongiftTestTests;
				PRODUCT_NAME = "$(TARGET_NAME)";
				TEST_HOST = "$(BUILT_PRODUCTS_DIR)/pongiftTest.app/pongiftTest";
			};
			name = Debug;
		};
		A053E90B1DC09F74007D5875 /* Release */ = {
			isa = XCBuildConfiguration;
			buildSettings = {
				BUNDLE_LOADER = "$(TEST_HOST)";
				DEVELOPMENT_TEAM = 3BX7UAG4ZQ;
				INFOPLIST_FILE = pongiftTestTests/Info.plist;
				LD_RUNPATH_SEARCH_PATHS = "$(inherited) @executable_path/Frameworks @loader_path/Frameworks";
				PRODUCT_BUNDLE_IDENTIFIER = com.pongiftTestTests;
				PRODUCT_NAME = "$(TARGET_NAME)";
				TEST_HOST = "$(BUILT_PRODUCTS_DIR)/pongiftTest.app/pongiftTest";
			};
			name = Release;
		};
/* End XCBuildConfiguration section */

/* Begin XCConfigurationList section */
		A053E8DF1DC09F74007D5875 /* Build configuration list for PBXProject "pongiftTest" */ = {
			isa = XCConfigurationList;
			buildConfigurations = (
				A053E9041DC09F74007D5875 /* Debug */,
				A053E9051DC09F74007D5875 /* Release */,
			);
			defaultConfigurationIsVisible = 0;
			defaultConfigurationName = Release;
		};
		A053E9061DC09F74007D5875 /* Build configuration list for PBXNativeTarget "pongiftTest" */ = {
			isa = XCConfigurationList;
			buildConfigurations = (
				A053E9071DC09F74007D5875 /* Debug */,
				A053E9081DC09F74007D5875 /* Release */,
			);
			defaultConfigurationIsVisible = 0;
			defaultConfigurationName = Release;
		};
		A053E9091DC09F74007D5875 /* Build configuration list for PBXNativeTarget "pongiftTestTests" */ = {
			isa = XCConfigurationList;
			buildConfigurations = (
				A053E90A1DC09F74007D5875 /* Debug */,
				A053E90B1DC09F74007D5875 /* Release */,
			);
			defaultConfigurationIsVisible = 0;
			defaultConfigurationName = Release;
		};
/* End XCConfigurationList section */
	};
	rootObject = A053E8DC1DC09F74007D5875 /* Project object */;
}
